// !$*UTF8*$!
{
	archiveVersion = 1;
	classes = {
	};
	objectVersion = 46;
	objects = {

/* Begin PBXBuildFile section */
		0091D8F90E81B9330029341E /* OpenGL.framework in Frameworks */ = {isa = PBXBuildFile; fileRef = 0091D8F80E81B9330029341E /* OpenGL.framework */; };
		00B784B30FF439BC000DE1D7 /* Accelerate.framework in Frameworks */ = {isa = PBXBuildFile; fileRef = 00B784AF0FF439BC000DE1D7 /* Accelerate.framework */; };
		00B784B40FF439BC000DE1D7 /* AudioToolbox.framework in Frameworks */ = {isa = PBXBuildFile; fileRef = 00B784B00FF439BC000DE1D7 /* AudioToolbox.framework */; };
		00B784B50FF439BC000DE1D7 /* AudioUnit.framework in Frameworks */ = {isa = PBXBuildFile; fileRef = 00B784B10FF439BC000DE1D7 /* AudioUnit.framework */; };
		00B784B60FF439BC000DE1D7 /* CoreAudio.framework in Frameworks */ = {isa = PBXBuildFile; fileRef = 00B784B20FF439BC000DE1D7 /* CoreAudio.framework */; };
		1B113190560348D3BF30AC17 /* CinderApp.icns in Resources */ = {isa = PBXBuildFile; fileRef = CB6C92C76E38424199AAC0C4 /* CinderApp.icns */; };
		5323E6B20EAFCA74003A9687 /* CoreVideo.framework in Frameworks */ = {isa = PBXBuildFile; fileRef = 5323E6B10EAFCA74003A9687 /* CoreVideo.framework */; };
		5323E6B60EAFCA7E003A9687 /* QTKit.framework in Frameworks */ = {isa = PBXBuildFile; fileRef = 5323E6B50EAFCA7E003A9687 /* QTKit.framework */; };
		8D11072F0486CEB800E47090 /* Cocoa.framework in Frameworks */ = {isa = PBXBuildFile; fileRef = 1058C7A1FEA54F0111CA2CBB /* Cocoa.framework */; };
		CD1C021D19048898001F5CF2 /* SessionMetaLabel.cpp in Sources */ = {isa = PBXBuildFile; fileRef = CD1C021C19048898001F5CF2 /* SessionMetaLabel.cpp */; };
		CD254C7019044EA6009D6522 /* measurements.png in Resources */ = {isa = PBXBuildFile; fileRef = CD254C6F19044EA6009D6522 /* measurements.png */; };
		CD254C7519045F3E009D6522 /* EventTitleLabel.cpp in Sources */ = {isa = PBXBuildFile; fileRef = CD254C7419045F3E009D6522 /* EventTitleLabel.cpp */; };
		CD254C7919047D72009D6522 /* EventMetaLabel.cpp in Sources */ = {isa = PBXBuildFile; fileRef = CD254C7819047D4E009D6522 /* EventMetaLabel.cpp */; };
		CD51E586190553B000570C16 /* akkurat_regular.otf in Resources */ = {isa = PBXBuildFile; fileRef = CD51E585190553A900570C16 /* akkurat_regular.otf */; };
		CD9D9D301906A7FD002BD852 /* SpeakerLabel.cpp in Sources */ = {isa = PBXBuildFile; fileRef = CD9D9D2F1906A3D3002BD852 /* SpeakerLabel.cpp */; };
		CDA788051905DA5600FD83E9 /* SubLabel.cpp in Sources */ = {isa = PBXBuildFile; fileRef = CDA788041905DA2300FD83E9 /* SubLabel.cpp */; };
		CDCBF24E1902EF7D0060E875 /* 6893.png in Resources */ = {isa = PBXBuildFile; fileRef = CDCBF24A1902EF7D0060E875 /* 6893.png */; };
		CDCBF24F1902EF7D0060E875 /* 26092.png in Resources */ = {isa = PBXBuildFile; fileRef = CDCBF24B1902EF7D0060E875 /* 26092.png */; };
		CDCBF2501902EF7D0060E875 /* 26262.png in Resources */ = {isa = PBXBuildFile; fileRef = CDCBF24C1902EF7D0060E875 /* 26262.png */; };
		CDCBF2511902EF7D0060E875 /* 27263.png in Resources */ = {isa = PBXBuildFile; fileRef = CDCBF24D1902EF7D0060E875 /* 27263.png */; };
		CDCBF25A1902EF880060E875 /* EventView.cpp in Sources */ = {isa = PBXBuildFile; fileRef = CDCBF2531902EF880060E875 /* EventView.cpp */; };
		CDCBF25B1902EF880060E875 /* FxResources.cpp in Sources */ = {isa = PBXBuildFile; fileRef = CDCBF2541902EF880060E875 /* FxResources.cpp */; };
		CDCBF25C1902EF880060E875 /* SessionView.cpp in Sources */ = {isa = PBXBuildFile; fileRef = CDCBF2551902EF880060E875 /* SessionView.cpp */; };
		CDCBF25E1902EF880060E875 /* SpeakerStackView.cpp in Sources */ = {isa = PBXBuildFile; fileRef = CDCBF2571902EF880060E875 /* SpeakerStackView.cpp */; };
		CDCBF25F1902EF880060E875 /* SpeakerView.cpp in Sources */ = {isa = PBXBuildFile; fileRef = CDCBF2581902EF880060E875 /* SpeakerView.cpp */; };
		CDCBF26A1902FF570060E875 /* data.json in Resources */ = {isa = PBXBuildFile; fileRef = CDCBF2691902FF570060E875 /* data.json */; };
		CDEA2B861904133F00123D9B /* TextBox.cpp in Sources */ = {isa = PBXBuildFile; fileRef = CDEA2B851904133500123D9B /* TextBox.cpp */; };
		CDEA2B8C1904219400123D9B /* akkurat_bold.ttf in Resources */ = {isa = PBXBuildFile; fileRef = CDEA2B8A1904219400123D9B /* akkurat_bold.ttf */; };
		CDEA2B8D1904219400123D9B /* transcript_bold.otf in Resources */ = {isa = PBXBuildFile; fileRef = CDEA2B8B1904219400123D9B /* transcript_bold.otf */; };
		CDEA2B8F1904220A00123D9B /* akkurat_light.ttf in Resources */ = {isa = PBXBuildFile; fileRef = CDEA2B8E1904220A00123D9B /* akkurat_light.ttf */; };
		CDEA2B951904231800123D9B /* SessionTitleLabel.cpp in Sources */ = {isa = PBXBuildFile; fileRef = CDEA2B941904231800123D9B /* SessionTitleLabel.cpp */; };
		D89712634BA0486685DCE17F /* SessionViewApp.cpp in Sources */ = {isa = PBXBuildFile; fileRef = F4D727B207414FA590248C77 /* SessionViewApp.cpp */; };
/* End PBXBuildFile section */

/* Begin PBXFileReference section */
		0091D8F80E81B9330029341E /* OpenGL.framework */ = {isa = PBXFileReference; lastKnownFileType = wrapper.framework; name = OpenGL.framework; path = /System/Library/Frameworks/OpenGL.framework; sourceTree = "<absolute>"; };
		00B784AF0FF439BC000DE1D7 /* Accelerate.framework */ = {isa = PBXFileReference; lastKnownFileType = wrapper.framework; name = Accelerate.framework; path = System/Library/Frameworks/Accelerate.framework; sourceTree = SDKROOT; };
		00B784B00FF439BC000DE1D7 /* AudioToolbox.framework */ = {isa = PBXFileReference; lastKnownFileType = wrapper.framework; name = AudioToolbox.framework; path = System/Library/Frameworks/AudioToolbox.framework; sourceTree = SDKROOT; };
		00B784B10FF439BC000DE1D7 /* AudioUnit.framework */ = {isa = PBXFileReference; lastKnownFileType = wrapper.framework; name = AudioUnit.framework; path = System/Library/Frameworks/AudioUnit.framework; sourceTree = SDKROOT; };
		00B784B20FF439BC000DE1D7 /* CoreAudio.framework */ = {isa = PBXFileReference; lastKnownFileType = wrapper.framework; name = CoreAudio.framework; path = System/Library/Frameworks/CoreAudio.framework; sourceTree = SDKROOT; };
		1058C7A1FEA54F0111CA2CBB /* Cocoa.framework */ = {isa = PBXFileReference; lastKnownFileType = wrapper.framework; name = Cocoa.framework; path = /System/Library/Frameworks/Cocoa.framework; sourceTree = "<absolute>"; };
		170F9C1EFC1B4BECA63EF948 /* SessionView_Prefix.pch */ = {isa = PBXFileReference; lastKnownFileType = "\"\""; path = SessionView_Prefix.pch; sourceTree = "<group>"; };
		29B97324FDCFA39411CA2CEA /* AppKit.framework */ = {isa = PBXFileReference; lastKnownFileType = wrapper.framework; name = AppKit.framework; path = /System/Library/Frameworks/AppKit.framework; sourceTree = "<absolute>"; };
		29B97325FDCFA39411CA2CEA /* Foundation.framework */ = {isa = PBXFileReference; lastKnownFileType = wrapper.framework; name = Foundation.framework; path = /System/Library/Frameworks/Foundation.framework; sourceTree = "<absolute>"; };
		5323E6B10EAFCA74003A9687 /* CoreVideo.framework */ = {isa = PBXFileReference; lastKnownFileType = wrapper.framework; name = CoreVideo.framework; path = /System/Library/Frameworks/CoreVideo.framework; sourceTree = "<absolute>"; };
		5323E6B50EAFCA7E003A9687 /* QTKit.framework */ = {isa = PBXFileReference; lastKnownFileType = wrapper.framework; name = QTKit.framework; path = /System/Library/Frameworks/QTKit.framework; sourceTree = "<absolute>"; };
		8D1107320486CEB800E47090 /* SessionView.app */ = {isa = PBXFileReference; explicitFileType = wrapper.application; includeInIndex = 0; path = SessionView.app; sourceTree = BUILT_PRODUCTS_DIR; };
		A1931C39A6074054B53A290A /* Info.plist */ = {isa = PBXFileReference; lastKnownFileType = text.plist.xml; path = Info.plist; sourceTree = "<group>"; };
		CB6C92C76E38424199AAC0C4 /* CinderApp.icns */ = {isa = PBXFileReference; lastKnownFileType = image.icns; name = CinderApp.icns; path = ../resources/CinderApp.icns; sourceTree = "<group>"; };
		CD1C021C19048898001F5CF2 /* SessionMetaLabel.cpp */ = {isa = PBXFileReference; fileEncoding = 4; lastKnownFileType = sourcecode.cpp.cpp; name = SessionMetaLabel.cpp; path = ../src/SessionMetaLabel.cpp; sourceTree = "<group>"; };
		CD254C6F19044EA6009D6522 /* measurements.png */ = {isa = PBXFileReference; lastKnownFileType = image.png; name = measurements.png; path = ../resources/measurements.png; sourceTree = "<group>"; };
		CD254C7119045CA1009D6522 /* EventTitleLabel.h */ = {isa = PBXFileReference; fileEncoding = 4; lastKnownFileType = sourcecode.c.h; name = EventTitleLabel.h; path = ../include/EventTitleLabel.h; sourceTree = "<group>"; };
		CD254C7419045F3E009D6522 /* EventTitleLabel.cpp */ = {isa = PBXFileReference; fileEncoding = 4; lastKnownFileType = sourcecode.cpp.cpp; name = EventTitleLabel.cpp; path = ../src/EventTitleLabel.cpp; sourceTree = "<group>"; };
		CD254C7619047750009D6522 /* EventMetaLabel.h */ = {isa = PBXFileReference; fileEncoding = 4; lastKnownFileType = sourcecode.c.h; name = EventMetaLabel.h; path = ../include/EventMetaLabel.h; sourceTree = "<group>"; };
		CD254C7719047760009D6522 /* SessionMetaLabel.h */ = {isa = PBXFileReference; fileEncoding = 4; lastKnownFileType = sourcecode.c.h; name = SessionMetaLabel.h; path = ../include/SessionMetaLabel.h; sourceTree = "<group>"; };
		CD254C7819047D4E009D6522 /* EventMetaLabel.cpp */ = {isa = PBXFileReference; fileEncoding = 4; lastKnownFileType = sourcecode.cpp.cpp; name = EventMetaLabel.cpp; path = ../src/EventMetaLabel.cpp; sourceTree = "<group>"; };
		CD51E585190553A900570C16 /* akkurat_regular.otf */ = {isa = PBXFileReference; lastKnownFileType = file; name = akkurat_regular.otf; path = ../resources/akkurat_regular.otf; sourceTree = "<group>"; };
		CD9D9D2D19069731002BD852 /* LineQuad.h */ = {isa = PBXFileReference; fileEncoding = 4; lastKnownFileType = sourcecode.c.h; name = LineQuad.h; path = ../include/LineQuad.h; sourceTree = "<group>"; };
		CD9D9D2E1906A3A1002BD852 /* SpeakerLabel.h */ = {isa = PBXFileReference; fileEncoding = 4; lastKnownFileType = sourcecode.c.h; name = SpeakerLabel.h; path = ../include/SpeakerLabel.h; sourceTree = "<group>"; };
		CD9D9D2F1906A3D3002BD852 /* SpeakerLabel.cpp */ = {isa = PBXFileReference; fileEncoding = 4; lastKnownFileType = sourcecode.cpp.cpp; name = SpeakerLabel.cpp; path = ../src/SpeakerLabel.cpp; sourceTree = "<group>"; };
		CDA788021905865600FD83E9 /* PingPongEventTitleLabel.h */ = {isa = PBXFileReference; fileEncoding = 4; lastKnownFileType = sourcecode.c.h; name = PingPongEventTitleLabel.h; path = ../include/PingPongEventTitleLabel.h; sourceTree = "<group>"; };
		CDA788031905D9B700FD83E9 /* SubLabel.h */ = {isa = PBXFileReference; fileEncoding = 4; lastKnownFileType = sourcecode.c.h; name = SubLabel.h; path = ../include/SubLabel.h; sourceTree = "<group>"; };
		CDA788041905DA2300FD83E9 /* SubLabel.cpp */ = {isa = PBXFileReference; fileEncoding = 4; lastKnownFileType = sourcecode.cpp.cpp; name = SubLabel.cpp; path = ../src/SubLabel.cpp; sourceTree = "<group>"; };
		CDA788061905DE0D00FD83E9 /* PingPongEventMetaSubLabel.h */ = {isa = PBXFileReference; fileEncoding = 4; lastKnownFileType = sourcecode.c.h; name = PingPongEventMetaSubLabel.h; path = ../include/PingPongEventMetaSubLabel.h; sourceTree = "<group>"; };
		CDA8EE331904077D00E7038B /* TextBox.h */ = {isa = PBXFileReference; fileEncoding = 4; lastKnownFileType = sourcecode.c.h; name = TextBox.h; path = ../include/TextBox.h; sourceTree = "<group>"; };
		CDCBF23E1902EF740060E875 /* AbstractAnimView.h */ = {isa = PBXFileReference; fileEncoding = 4; lastKnownFileType = sourcecode.c.h; name = AbstractAnimView.h; path = ../include/AbstractAnimView.h; sourceTree = "<group>"; };
		CDCBF23F1902EF740060E875 /* Config.h */ = {isa = PBXFileReference; fileEncoding = 4; lastKnownFileType = sourcecode.c.h; name = Config.h; path = ../include/Config.h; sourceTree = "<group>"; };
		CDCBF2401902EF740060E875 /* Event.h */ = {isa = PBXFileReference; fileEncoding = 4; lastKnownFileType = sourcecode.c.h; name = Event.h; path = ../include/Event.h; sourceTree = "<group>"; };
		CDCBF2411902EF740060E875 /* EventView.h */ = {isa = PBXFileReference; fileEncoding = 4; lastKnownFileType = sourcecode.c.h; name = EventView.h; path = ../include/EventView.h; sourceTree = "<group>"; };
		CDCBF2421902EF740060E875 /* FxResources.h */ = {isa = PBXFileReference; fileEncoding = 4; lastKnownFileType = sourcecode.c.h; name = FxResources.h; path = ../include/FxResources.h; sourceTree = "<group>"; };
		CDCBF2431902EF740060E875 /* PingPongFbo.h */ = {isa = PBXFileReference; fileEncoding = 4; lastKnownFileType = sourcecode.c.h; name = PingPongFbo.h; path = ../include/PingPongFbo.h; sourceTree = "<group>"; };
		CDCBF2451902EF740060E875 /* Session.h */ = {isa = PBXFileReference; fileEncoding = 4; lastKnownFileType = sourcecode.c.h; name = Session.h; path = ../include/Session.h; sourceTree = "<group>"; };
		CDCBF2461902EF740060E875 /* SessionView.h */ = {isa = PBXFileReference; fileEncoding = 4; lastKnownFileType = sourcecode.c.h; name = SessionView.h; path = ../include/SessionView.h; sourceTree = "<group>"; };
		CDCBF2471902EF740060E875 /* Speaker.h */ = {isa = PBXFileReference; fileEncoding = 4; lastKnownFileType = sourcecode.c.h; name = Speaker.h; path = ../include/Speaker.h; sourceTree = "<group>"; };
		CDCBF2481902EF740060E875 /* SpeakerStackView.h */ = {isa = PBXFileReference; fileEncoding = 4; lastKnownFileType = sourcecode.c.h; name = SpeakerStackView.h; path = ../include/SpeakerStackView.h; sourceTree = "<group>"; };
		CDCBF2491902EF740060E875 /* SpeakerView.h */ = {isa = PBXFileReference; fileEncoding = 4; lastKnownFileType = sourcecode.c.h; name = SpeakerView.h; path = ../include/SpeakerView.h; sourceTree = "<group>"; };
		CDCBF24A1902EF7D0060E875 /* 6893.png */ = {isa = PBXFileReference; lastKnownFileType = image.png; name = 6893.png; path = ../resources/6893.png; sourceTree = "<group>"; };
		CDCBF24B1902EF7D0060E875 /* 26092.png */ = {isa = PBXFileReference; lastKnownFileType = image.png; name = 26092.png; path = ../resources/26092.png; sourceTree = "<group>"; };
		CDCBF24C1902EF7D0060E875 /* 26262.png */ = {isa = PBXFileReference; lastKnownFileType = image.png; name = 26262.png; path = ../resources/26262.png; sourceTree = "<group>"; };
		CDCBF24D1902EF7D0060E875 /* 27263.png */ = {isa = PBXFileReference; lastKnownFileType = image.png; name = 27263.png; path = ../resources/27263.png; sourceTree = "<group>"; };
		CDCBF2531902EF880060E875 /* EventView.cpp */ = {isa = PBXFileReference; fileEncoding = 4; lastKnownFileType = sourcecode.cpp.cpp; name = EventView.cpp; path = ../src/EventView.cpp; sourceTree = "<group>"; };
		CDCBF2541902EF880060E875 /* FxResources.cpp */ = {isa = PBXFileReference; fileEncoding = 4; lastKnownFileType = sourcecode.cpp.cpp; name = FxResources.cpp; path = ../src/FxResources.cpp; sourceTree = "<group>"; };
		CDCBF2551902EF880060E875 /* SessionView.cpp */ = {isa = PBXFileReference; fileEncoding = 4; lastKnownFileType = sourcecode.cpp.cpp; name = SessionView.cpp; path = ../src/SessionView.cpp; sourceTree = "<group>"; };
		CDCBF2571902EF880060E875 /* SpeakerStackView.cpp */ = {isa = PBXFileReference; fileEncoding = 4; lastKnownFileType = sourcecode.cpp.cpp; name = SpeakerStackView.cpp; path = ../src/SpeakerStackView.cpp; sourceTree = "<group>"; };
		CDCBF2581902EF880060E875 /* SpeakerView.cpp */ = {isa = PBXFileReference; fileEncoding = 4; lastKnownFileType = sourcecode.cpp.cpp; name = SpeakerView.cpp; path = ../src/SpeakerView.cpp; sourceTree = "<group>"; };
		CDCBF2681902F52A0060E875 /* Mapping.h */ = {isa = PBXFileReference; fileEncoding = 4; lastKnownFileType = sourcecode.c.h; name = Mapping.h; path = ../include/Mapping.h; sourceTree = "<group>"; };
		CDCBF2691902FF570060E875 /* data.json */ = {isa = PBXFileReference; fileEncoding = 4; lastKnownFileType = text.json; name = data.json; path = ../resources/data.json; sourceTree = "<group>"; };
		CDEA2B851904133500123D9B /* TextBox.cpp */ = {isa = PBXFileReference; fileEncoding = 4; lastKnownFileType = sourcecode.cpp.cpp; name = TextBox.cpp; path = ../src/TextBox.cpp; sourceTree = "<group>"; };
		CDEA2B8719041D0F00123D9B /* AbstractLabel.h */ = {isa = PBXFileReference; fileEncoding = 4; lastKnownFileType = sourcecode.c.h; name = AbstractLabel.h; path = ../include/AbstractLabel.h; sourceTree = "<group>"; };
		CDEA2B8A1904219400123D9B /* akkurat_bold.ttf */ = {isa = PBXFileReference; lastKnownFileType = file; name = akkurat_bold.ttf; path = ../resources/akkurat_bold.ttf; sourceTree = "<group>"; };
		CDEA2B8B1904219400123D9B /* transcript_bold.otf */ = {isa = PBXFileReference; lastKnownFileType = file; name = transcript_bold.otf; path = ../resources/transcript_bold.otf; sourceTree = "<group>"; };
		CDEA2B8E1904220A00123D9B /* akkurat_light.ttf */ = {isa = PBXFileReference; lastKnownFileType = file; name = akkurat_light.ttf; path = ../resources/akkurat_light.ttf; sourceTree = "<group>"; };
		CDEA2B93190422F900123D9B /* SessionTitleLabel.h */ = {isa = PBXFileReference; fileEncoding = 4; lastKnownFileType = sourcecode.c.h; name = SessionTitleLabel.h; path = ../include/SessionTitleLabel.h; sourceTree = "<group>"; };
		CDEA2B941904231800123D9B /* SessionTitleLabel.cpp */ = {isa = PBXFileReference; fileEncoding = 4; lastKnownFileType = sourcecode.cpp.cpp; name = SessionTitleLabel.cpp; path = ../src/SessionTitleLabel.cpp; sourceTree = "<group>"; };
		E88D7BC8BA0F4297A5FC3CF9 /* Resources.h */ = {isa = PBXFileReference; lastKnownFileType = sourcecode.c.h; name = Resources.h; path = ../include/Resources.h; sourceTree = "<group>"; };
		F4D727B207414FA590248C77 /* SessionViewApp.cpp */ = {isa = PBXFileReference; lastKnownFileType = sourcecode.c.cpp; name = SessionViewApp.cpp; path = ../src/SessionViewApp.cpp; sourceTree = "<group>"; };
/* End PBXFileReference section */

/* Begin PBXFrameworksBuildPhase section */
		8D11072E0486CEB800E47090 /* Frameworks */ = {
			isa = PBXFrameworksBuildPhase;
			buildActionMask = 2147483647;
			files = (
				8D11072F0486CEB800E47090 /* Cocoa.framework in Frameworks */,
				0091D8F90E81B9330029341E /* OpenGL.framework in Frameworks */,
				5323E6B20EAFCA74003A9687 /* CoreVideo.framework in Frameworks */,
				5323E6B60EAFCA7E003A9687 /* QTKit.framework in Frameworks */,
				00B784B30FF439BC000DE1D7 /* Accelerate.framework in Frameworks */,
				00B784B40FF439BC000DE1D7 /* AudioToolbox.framework in Frameworks */,
				00B784B50FF439BC000DE1D7 /* AudioUnit.framework in Frameworks */,
				00B784B60FF439BC000DE1D7 /* CoreAudio.framework in Frameworks */,
			);
			runOnlyForDeploymentPostprocessing = 0;
		};
/* End PBXFrameworksBuildPhase section */

/* Begin PBXGroup section */
		01B97315FEAEA392516A2CEA /* Blocks */ = {
			isa = PBXGroup;
			children = (
			);
			name = Blocks;
			sourceTree = "<group>";
		};
		080E96DDFE201D6D7F000001 /* Source */ = {
			isa = PBXGroup;
			children = (
				CDCBF2641902F2870060E875 /* session */,
				CDCBF2661902F29A0060E875 /* util */,
				F4D727B207414FA590248C77 /* SessionViewApp.cpp */,
			);
			name = Source;
			sourceTree = "<group>";
		};
		1058C7A0FEA54F0111CA2CBB /* Linked Frameworks */ = {
			isa = PBXGroup;
			children = (
				00B784AF0FF439BC000DE1D7 /* Accelerate.framework */,
				00B784B00FF439BC000DE1D7 /* AudioToolbox.framework */,
				00B784B10FF439BC000DE1D7 /* AudioUnit.framework */,
				00B784B20FF439BC000DE1D7 /* CoreAudio.framework */,
				5323E6B50EAFCA7E003A9687 /* QTKit.framework */,
				5323E6B10EAFCA74003A9687 /* CoreVideo.framework */,
				0091D8F80E81B9330029341E /* OpenGL.framework */,
				1058C7A1FEA54F0111CA2CBB /* Cocoa.framework */,
			);
			name = "Linked Frameworks";
			sourceTree = "<group>";
		};
		1058C7A2FEA54F0111CA2CBB /* Other Frameworks */ = {
			isa = PBXGroup;
			children = (
				29B97324FDCFA39411CA2CEA /* AppKit.framework */,
				29B97325FDCFA39411CA2CEA /* Foundation.framework */,
			);
			name = "Other Frameworks";
			sourceTree = "<group>";
		};
		19C28FACFE9D520D11CA2CBB /* Products */ = {
			isa = PBXGroup;
			children = (
				8D1107320486CEB800E47090 /* SessionView.app */,
			);
			name = Products;
			sourceTree = "<group>";
		};
		29B97314FDCFA39411CA2CEA /* SessionView */ = {
			isa = PBXGroup;
			children = (
				01B97315FEAEA392516A2CEA /* Blocks */,
				29B97315FDCFA39411CA2CEA /* Headers */,
				080E96DDFE201D6D7F000001 /* Source */,
				29B97317FDCFA39411CA2CEA /* Resources */,
				29B97323FDCFA39411CA2CEA /* Frameworks */,
				19C28FACFE9D520D11CA2CBB /* Products */,
			);
			name = SessionView;
			sourceTree = "<group>";
		};
		29B97315FDCFA39411CA2CEA /* Headers */ = {
			isa = PBXGroup;
			children = (
				CDCBF2601902EFB70060E875 /* session */,
				CDCBF23F1902EF740060E875 /* Config.h */,
				CDCBF2631902EFDC0060E875 /* util */,
				E88D7BC8BA0F4297A5FC3CF9 /* Resources.h */,
				170F9C1EFC1B4BECA63EF948 /* SessionView_Prefix.pch */,
			);
			name = Headers;
			sourceTree = "<group>";
		};
		29B97317FDCFA39411CA2CEA /* Resources */ = {
			isa = PBXGroup;
			children = (
				CD51E585190553A900570C16 /* akkurat_regular.otf */,
				CD254C6F19044EA6009D6522 /* measurements.png */,
				CDEA2B8E1904220A00123D9B /* akkurat_light.ttf */,
				CDEA2B8A1904219400123D9B /* akkurat_bold.ttf */,
				CDEA2B8B1904219400123D9B /* transcript_bold.otf */,
				CDCBF2691902FF570060E875 /* data.json */,
				CDCBF24A1902EF7D0060E875 /* 6893.png */,
				CDCBF24B1902EF7D0060E875 /* 26092.png */,
				CDCBF24C1902EF7D0060E875 /* 26262.png */,
				CDCBF24D1902EF7D0060E875 /* 27263.png */,
				CB6C92C76E38424199AAC0C4 /* CinderApp.icns */,
				A1931C39A6074054B53A290A /* Info.plist */,
			);
			name = Resources;
			sourceTree = "<group>";
		};
		29B97323FDCFA39411CA2CEA /* Frameworks */ = {
			isa = PBXGroup;
			children = (
				1058C7A0FEA54F0111CA2CBB /* Linked Frameworks */,
				1058C7A2FEA54F0111CA2CBB /* Other Frameworks */,
			);
			name = Frameworks;
			sourceTree = "<group>";
		};
		CDCBF2601902EFB70060E875 /* session */ = {
			isa = PBXGroup;
			children = (
				CDCBF2621902EFCE0060E875 /* view */,
				CDCBF2611902EFC20060E875 /* model */,
			);
			name = session;
			sourceTree = "<group>";
		};
		CDCBF2611902EFC20060E875 /* model */ = {
			isa = PBXGroup;
			children = (
				CDCBF2401902EF740060E875 /* Event.h */,
				CDCBF2451902EF740060E875 /* Session.h */,
				CDCBF2471902EF740060E875 /* Speaker.h */,
				CDCBF2681902F52A0060E875 /* Mapping.h */,
			);
			name = model;
			sourceTree = "<group>";
		};
		CDCBF2621902EFCE0060E875 /* view */ = {
			isa = PBXGroup;
			children = (
				CDEA2B8819041DB600123D9B /* label */,
				CDCBF23E1902EF740060E875 /* AbstractAnimView.h */,
				CDCBF2411902EF740060E875 /* EventView.h */,
				CDCBF2461902EF740060E875 /* SessionView.h */,
				CDCBF2481902EF740060E875 /* SpeakerStackView.h */,
				CDCBF2491902EF740060E875 /* SpeakerView.h */,
			);
			name = view;
			sourceTree = "<group>";
		};
		CDCBF2631902EFDC0060E875 /* util */ = {
			isa = PBXGroup;
			children = (
				CDCBF2421902EF740060E875 /* FxResources.h */,
				CDCBF2431902EF740060E875 /* PingPongFbo.h */,
				CDA8EE331904077D00E7038B /* TextBox.h */,
			);
			name = util;
			sourceTree = "<group>";
		};
		CDCBF2641902F2870060E875 /* session */ = {
			isa = PBXGroup;
			children = (
				CDCBF2651902F2910060E875 /* view */,
			);
			name = session;
			sourceTree = "<group>";
		};
		CDCBF2651902F2910060E875 /* view */ = {
			isa = PBXGroup;
			children = (
				CDEA2B92190422C400123D9B /* label */,
				CDCBF2531902EF880060E875 /* EventView.cpp */,
				CDCBF2551902EF880060E875 /* SessionView.cpp */,
				CDCBF2571902EF880060E875 /* SpeakerStackView.cpp */,
				CDCBF2581902EF880060E875 /* SpeakerView.cpp */,
			);
			name = view;
			sourceTree = "<group>";
		};
		CDCBF2661902F29A0060E875 /* util */ = {
			isa = PBXGroup;
			children = (
				CDCBF2541902EF880060E875 /* FxResources.cpp */,
				CDEA2B851904133500123D9B /* TextBox.cpp */,
			);
			name = util;
			sourceTree = "<group>";
		};
		CDEA2B8819041DB600123D9B /* label */ = {
			isa = PBXGroup;
			children = (
				CD9D9D2D19069731002BD852 /* LineQuad.h */,
				CDEA2B8719041D0F00123D9B /* AbstractLabel.h */,
				CD254C7119045CA1009D6522 /* EventTitleLabel.h */,
				CD254C7619047750009D6522 /* EventMetaLabel.h */,
				CDEA2B93190422F900123D9B /* SessionTitleLabel.h */,
				CD254C7719047760009D6522 /* SessionMetaLabel.h */,
				CDA788031905D9B700FD83E9 /* SubLabel.h */,
				CDA788021905865600FD83E9 /* PingPongEventTitleLabel.h */,
				CDA788061905DE0D00FD83E9 /* PingPongEventMetaSubLabel.h */,
				CD9D9D2E1906A3A1002BD852 /* SpeakerLabel.h */,
			);
			name = label;
			sourceTree = "<group>";
		};
		CDEA2B92190422C400123D9B /* label */ = {
			isa = PBXGroup;
			children = (
				CDEA2B941904231800123D9B /* SessionTitleLabel.cpp */,
				CD254C7419045F3E009D6522 /* EventTitleLabel.cpp */,
				CD254C7819047D4E009D6522 /* EventMetaLabel.cpp */,
				CD1C021C19048898001F5CF2 /* SessionMetaLabel.cpp */,
				CDA788041905DA2300FD83E9 /* SubLabel.cpp */,
				CD9D9D2F1906A3D3002BD852 /* SpeakerLabel.cpp */,
			);
			name = label;
			sourceTree = "<group>";
		};
/* End PBXGroup section */

/* Begin PBXNativeTarget section */
		8D1107260486CEB800E47090 /* SessionView */ = {
			isa = PBXNativeTarget;
			buildConfigurationList = C01FCF4A08A954540054247B /* Build configuration list for PBXNativeTarget "SessionView" */;
			buildPhases = (
				8D1107290486CEB800E47090 /* Resources */,
				8D11072C0486CEB800E47090 /* Sources */,
				8D11072E0486CEB800E47090 /* Frameworks */,
			);
			buildRules = (
			);
			dependencies = (
			);
			name = SessionView;
			productInstallPath = "$(HOME)/Applications";
			productName = SessionView;
			productReference = 8D1107320486CEB800E47090 /* SessionView.app */;
			productType = "com.apple.product-type.application";
		};
/* End PBXNativeTarget section */

/* Begin PBXProject section */
		29B97313FDCFA39411CA2CEA /* Project object */ = {
			isa = PBXProject;
			attributes = {
			};
			buildConfigurationList = C01FCF4E08A954540054247B /* Build configuration list for PBXProject "SessionView" */;
			compatibilityVersion = "Xcode 3.2";
			developmentRegion = English;
			hasScannedForEncodings = 1;
			knownRegions = (
				English,
				Japanese,
				French,
				German,
			);
			mainGroup = 29B97314FDCFA39411CA2CEA /* SessionView */;
			projectDirPath = "";
			projectRoot = "";
			targets = (
				8D1107260486CEB800E47090 /* SessionView */,
			);
		};
/* End PBXProject section */

/* Begin PBXResourcesBuildPhase section */
		8D1107290486CEB800E47090 /* Resources */ = {
			isa = PBXResourcesBuildPhase;
			buildActionMask = 2147483647;
			files = (
				CD51E586190553B000570C16 /* akkurat_regular.otf in Resources */,
				1B113190560348D3BF30AC17 /* CinderApp.icns in Resources */,
				CDEA2B8C1904219400123D9B /* akkurat_bold.ttf in Resources */,
				CD254C7019044EA6009D6522 /* measurements.png in Resources */,
				CDCBF26A1902FF570060E875 /* data.json in Resources */,
				CDCBF2511902EF7D0060E875 /* 27263.png in Resources */,
				CDEA2B8D1904219400123D9B /* transcript_bold.otf in Resources */,
				CDCBF24F1902EF7D0060E875 /* 26092.png in Resources */,
				CDCBF2501902EF7D0060E875 /* 26262.png in Resources */,
				CDEA2B8F1904220A00123D9B /* akkurat_light.ttf in Resources */,
				CDCBF24E1902EF7D0060E875 /* 6893.png in Resources */,
			);
			runOnlyForDeploymentPostprocessing = 0;
		};
/* End PBXResourcesBuildPhase section */

/* Begin PBXSourcesBuildPhase section */
		8D11072C0486CEB800E47090 /* Sources */ = {
			isa = PBXSourcesBuildPhase;
			buildActionMask = 2147483647;
			files = (
				CD254C7919047D72009D6522 /* EventMetaLabel.cpp in Sources */,
				CD9D9D301906A7FD002BD852 /* SpeakerLabel.cpp in Sources */,
				CDCBF25E1902EF880060E875 /* SpeakerStackView.cpp in Sources */,
				CDCBF25C1902EF880060E875 /* SessionView.cpp in Sources */,
				CDA788051905DA5600FD83E9 /* SubLabel.cpp in Sources */,
				CDCBF25A1902EF880060E875 /* EventView.cpp in Sources */,
				CDCBF25B1902EF880060E875 /* FxResources.cpp in Sources */,
				CDEA2B951904231800123D9B /* SessionTitleLabel.cpp in Sources */,
				D89712634BA0486685DCE17F /* SessionViewApp.cpp in Sources */,
				CDEA2B861904133F00123D9B /* TextBox.cpp in Sources */,
				CD254C7519045F3E009D6522 /* EventTitleLabel.cpp in Sources */,
				CD1C021D19048898001F5CF2 /* SessionMetaLabel.cpp in Sources */,
				CDCBF25F1902EF880060E875 /* SpeakerView.cpp in Sources */,
			);
			runOnlyForDeploymentPostprocessing = 0;
		};
/* End PBXSourcesBuildPhase section */

/* Begin XCBuildConfiguration section */
		C01FCF4B08A954540054247B /* Debug */ = {
			isa = XCBuildConfiguration;
			buildSettings = {
				COMBINE_HIDPI_IMAGES = YES;
				COPY_PHASE_STRIP = NO;
				DEAD_CODE_STRIPPING = YES;
				GCC_DYNAMIC_NO_PIC = NO;
				GCC_INLINES_ARE_PRIVATE_EXTERN = YES;
				GCC_OPTIMIZATION_LEVEL = 0;
				GCC_PRECOMPILE_PREFIX_HEADER = YES;
				GCC_PREFIX_HEADER = SessionView_Prefix.pch;
				GCC_PREPROCESSOR_DEFINITIONS = (
					"DEBUG=1",
					"$(inherited)",
				);
				GCC_SYMBOLS_PRIVATE_EXTERN = NO;
				INFOPLIST_FILE = Info.plist;
				INSTALL_PATH = "$(HOME)/Applications";
				OTHER_LDFLAGS = "\"$(CINDER_PATH)/lib/libcinder_d.a\"";
				PRODUCT_NAME = SessionView;
				SYMROOT = ./build;
				WRAPPER_EXTENSION = app;
			};
			name = Debug;
		};
		C01FCF4C08A954540054247B /* Release */ = {
			isa = XCBuildConfiguration;
			buildSettings = {
				COMBINE_HIDPI_IMAGES = YES;
				DEAD_CODE_STRIPPING = YES;
				DEBUG_INFORMATION_FORMAT = "dwarf-with-dsym";
				GCC_FAST_MATH = YES;
				GCC_GENERATE_DEBUGGING_SYMBOLS = NO;
				GCC_INLINES_ARE_PRIVATE_EXTERN = YES;
				GCC_OPTIMIZATION_LEVEL = 3;
				GCC_PRECOMPILE_PREFIX_HEADER = YES;
				GCC_PREFIX_HEADER = SessionView_Prefix.pch;
				GCC_SYMBOLS_PRIVATE_EXTERN = NO;
				INFOPLIST_FILE = Info.plist;
				INSTALL_PATH = "$(HOME)/Applications";
				OTHER_LDFLAGS = "\"$(CINDER_PATH)/lib/libcinder.a\"";
				PRODUCT_NAME = SessionView;
				STRIP_INSTALLED_PRODUCT = YES;
				SYMROOT = ./build;
				WRAPPER_EXTENSION = app;
			};
			name = Release;
		};
		C01FCF4F08A954540054247B /* Debug */ = {
			isa = XCBuildConfiguration;
			buildSettings = {
				ALWAYS_SEARCH_USER_PATHS = NO;
				ARCHS = i386;
				CINDER_PATH = ../../../../cinder;
				CLANG_CXX_LANGUAGE_STANDARD = "c++0x";
				CLANG_CXX_LIBRARY = "libc++";
				GCC_WARN_ABOUT_RETURN_TYPE = YES;
				GCC_WARN_UNUSED_VARIABLE = YES;
				HEADER_SEARCH_PATHS = "\"$(CINDER_PATH)/boost\"";
				MACOSX_DEPLOYMENT_TARGET = 10.7;
				SDKROOT = macosx;
				USER_HEADER_SEARCH_PATHS = "\"$(CINDER_PATH)/include\" ../include";
			};
			name = Debug;
		};
		C01FCF5008A954540054247B /* Release */ = {
			isa = XCBuildConfiguration;
			buildSettings = {
				ALWAYS_SEARCH_USER_PATHS = NO;
				ARCHS = i386;
				CINDER_PATH = ../../../../cinder;
				CLANG_CXX_LANGUAGE_STANDARD = "c++0x";
				CLANG_CXX_LIBRARY = "libc++";
				GCC_WARN_ABOUT_RETURN_TYPE = YES;
				GCC_WARN_UNUSED_VARIABLE = YES;
				HEADER_SEARCH_PATHS = "\"$(CINDER_PATH)/boost\"";
				MACOSX_DEPLOYMENT_TARGET = 10.7;
				SDKROOT = macosx;
				USER_HEADER_SEARCH_PATHS = "\"$(CINDER_PATH)/include\" ../include";
			};
			name = Release;
		};
/* End XCBuildConfiguration section */

/* Begin XCConfigurationList section */
		C01FCF4A08A954540054247B /* Build configuration list for PBXNativeTarget "SessionView" */ = {
			isa = XCConfigurationList;
			buildConfigurations = (
				C01FCF4B08A954540054247B /* Debug */,
				C01FCF4C08A954540054247B /* Release */,
			);
			defaultConfigurationIsVisible = 0;
			defaultConfigurationName = Release;
		};
		C01FCF4E08A954540054247B /* Build configuration list for PBXProject "SessionView" */ = {
			isa = XCConfigurationList;
			buildConfigurations = (
				C01FCF4F08A954540054247B /* Debug */,
				C01FCF5008A954540054247B /* Release */,
			);
			defaultConfigurationIsVisible = 0;
			defaultConfigurationName = Release;
		};
/* End XCConfigurationList section */
	};
	rootObject = 29B97313FDCFA39411CA2CEA /* Project object */;
}
