// !$*UTF8*$!
{
	archiveVersion = 1;
	classes = {
	};
	objectVersion = 46;
	objects = {

/* Begin PBXBuildFile section */
		0091D8F90E81B9330029341E /* OpenGL.framework in Frameworks */ = {isa = PBXBuildFile; fileRef = 0091D8F80E81B9330029341E /* OpenGL.framework */; };
		00B784B30FF439BC000DE1D7 /* Accelerate.framework in Frameworks */ = {isa = PBXBuildFile; fileRef = 00B784AF0FF439BC000DE1D7 /* Accelerate.framework */; };
		00B784B40FF439BC000DE1D7 /* AudioToolbox.framework in Frameworks */ = {isa = PBXBuildFile; fileRef = 00B784B00FF439BC000DE1D7 /* AudioToolbox.framework */; };
		00B784B50FF439BC000DE1D7 /* AudioUnit.framework in Frameworks */ = {isa = PBXBuildFile; fileRef = 00B784B10FF439BC000DE1D7 /* AudioUnit.framework */; };
		00B784B60FF439BC000DE1D7 /* CoreAudio.framework in Frameworks */ = {isa = PBXBuildFile; fileRef = 00B784B20FF439BC000DE1D7 /* CoreAudio.framework */; };
		05BEDE10C2DE4002A2226F27 /* NextQuoteProcessorApp.cpp in Sources */ = {isa = PBXBuildFile; fileRef = CA255E453FD943AABCF8A2CB /* NextQuoteProcessorApp.cpp */; };
		06829603B7924EC18D70C30A /* Utility.cpp in Sources */ = {isa = PBXBuildFile; fileRef = 413CFBAAC98B463D927963C5 /* Utility.cpp */; };
		0FB01838C1A5434E94B5155A /* TreeNode.cpp in Sources */ = {isa = PBXBuildFile; fileRef = 0FE215A2D26E4390937DE7C4 /* TreeNode.cpp */; };
		1193B78C23F14B97B80B385F /* ScrollControl.cpp in Sources */ = {isa = PBXBuildFile; fileRef = 6017CC6A71654E7F83D6D036 /* ScrollControl.cpp */; };
		158FDF86DE114F8F899B5158 /* ControlList.cpp in Sources */ = {isa = PBXBuildFile; fileRef = F31C64F8497D45598317215B /* ControlList.cpp */; };
		1867C3D45183453BBC2CD08F /* HorizontalSlider.cpp in Sources */ = {isa = PBXBuildFile; fileRef = E50920EE313D41D29B765CA9 /* HorizontalSlider.cpp */; };
		1876152E04934E1D9DC57FF4 /* ScrollBarButton.cpp in Sources */ = {isa = PBXBuildFile; fileRef = 336D3797EF3E417883D3BC08 /* ScrollBarButton.cpp */; };
		1FA8BC3022A7435497A58291 /* Text.cpp in Sources */ = {isa = PBXBuildFile; fileRef = ABB49419FD4D49A6BE8D9FB1 /* Text.cpp */; };
		20C289E2893F4B5D999FC760 /* MenuItem.cpp in Sources */ = {isa = PBXBuildFile; fileRef = 3C683280D4A14205B3D72ED3 /* MenuItem.cpp */; };
		20DABA943ACE468F901D1E91 /* events.cpp in Sources */ = {isa = PBXBuildFile; fileRef = 963096126C8F44109CDD5505 /* events.cpp */; };
		2B9BB3A3701A4EB3B7C59B76 /* ColorControls.cpp in Sources */ = {isa = PBXBuildFile; fileRef = FC1B5BA14A4145299C9EF703 /* ColorControls.cpp */; };
		2CF29B93A04341BB8C7631CB /* PageControl.cpp in Sources */ = {isa = PBXBuildFile; fileRef = 36929AD179B94D50A7AD7C23 /* PageControl.cpp */; };
		2D04FCF702E642608ED35E13 /* ToolTip.cpp in Sources */ = {isa = PBXBuildFile; fileRef = C1648814E7F24390A6D63A81 /* ToolTip.cpp */; };
		3922443AAAAA4227A5F8F05E /* ImagePanel.cpp in Sources */ = {isa = PBXBuildFile; fileRef = 54CCB941B9E74861B4578CE8 /* ImagePanel.cpp */; };
		3A3DEFFD51D74B229624889B /* Gwen.cpp in Sources */ = {isa = PBXBuildFile; fileRef = 84810316C02247EBB876448B /* Gwen.cpp */; };
		3D27DC9EF38F48E6A712C126 /* RichLabel.cpp in Sources */ = {isa = PBXBuildFile; fileRef = 539AB9AB57A949A1AC6A1CFC /* RichLabel.cpp */; };
		3DE5A69E6D584027AF873BCE /* Canvas.cpp in Sources */ = {isa = PBXBuildFile; fileRef = C92EDB1FA0BF4F6A855D5777 /* Canvas.cpp */; };
		42174BA2EDB848BDBFEA174E /* Resizer.cpp in Sources */ = {isa = PBXBuildFile; fileRef = A429ABADD0484E298586019D /* Resizer.cpp */; };
		4495F3764FA64D039361F1C6 /* FolderOpen.cpp in Sources */ = {isa = PBXBuildFile; fileRef = 17C6038AB0304ECAB3007902 /* FolderOpen.cpp */; };
		4973DE65127E4556AA1A273C /* CheckBox.cpp in Sources */ = {isa = PBXBuildFile; fileRef = D89DBCF881084965936EE1D6 /* CheckBox.cpp */; };
		4D4408AA016F4147B629A7AA /* Button.cpp in Sources */ = {isa = PBXBuildFile; fileRef = 620489B7A41A44A78B6EAC2B /* Button.cpp */; };
		4F701A7D720F48F5A283681A /* TreeControl.cpp in Sources */ = {isa = PBXBuildFile; fileRef = 785AD8822F9548ACB3541D0C /* TreeControl.cpp */; };
		5126F4CED2CC43299503757D /* FileOpen.cpp in Sources */ = {isa = PBXBuildFile; fileRef = 29E3633191F04D85BBB40AE7 /* FileOpen.cpp */; };
		5323E6B20EAFCA74003A9687 /* CoreVideo.framework in Frameworks */ = {isa = PBXBuildFile; fileRef = 5323E6B10EAFCA74003A9687 /* CoreVideo.framework */; };
		5323E6B60EAFCA7E003A9687 /* QTKit.framework in Frameworks */ = {isa = PBXBuildFile; fileRef = 5323E6B50EAFCA7E003A9687 /* QTKit.framework */; };
		5ABA8C0A845A4EEF9155257C /* Hook.cpp in Sources */ = {isa = PBXBuildFile; fileRef = 6A4C8E96CA2B4F058556C155 /* Hook.cpp */; };
		65F62CBDD1C24496902CE93F /* SplitterBar.cpp in Sources */ = {isa = PBXBuildFile; fileRef = 53FDCC8313A04ADAA565A58D /* SplitterBar.cpp */; };
		66E0AD79D02E40A8BB83C5E1 /* Query.cpp in Sources */ = {isa = PBXBuildFile; fileRef = 7D3D69D8CB854BF5BB00B157 /* Query.cpp */; };
		70F51D6C4D674A6584EED469 /* HorizontalScrollBar.cpp in Sources */ = {isa = PBXBuildFile; fileRef = 67ADB749F8514078BC923FA9 /* HorizontalScrollBar.cpp */; };
		73749FCEB6A64B82953F3886 /* MenuStrip.cpp in Sources */ = {isa = PBXBuildFile; fileRef = 93A9EAAEA6C54C8FAFA2E2F3 /* MenuStrip.cpp */; };
		74284BDF8E174DAB8CAE9C73 /* RadioButton.cpp in Sources */ = {isa = PBXBuildFile; fileRef = 5AFBDED52E1048E7B93D237E /* RadioButton.cpp */; };
		7558AABB94EC42EB8F47F079 /* Properties.cpp in Sources */ = {isa = PBXBuildFile; fileRef = 40A20D5E6CED46E78972AA1D /* Properties.cpp */; };
		7879E6208ED94C6390F02764 /* ResizableControl.cpp in Sources */ = {isa = PBXBuildFile; fileRef = D2BA7FD39BE14D88B0C3EF0A /* ResizableControl.cpp */; };
		7A4718F0E34949888AD45934 /* DefaultSkin.png in Resources */ = {isa = PBXBuildFile; fileRef = C52EA1FF1BCA4C3C9D5709AF /* DefaultSkin.png */; };
		7AFF410A335F4DE1B9EFBFD8 /* Base.cpp in Sources */ = {isa = PBXBuildFile; fileRef = 072A69A88CD0479D8F678715 /* Base.cpp */; };
		7CE050B9B3EE4F4C9085435F /* TabControl.cpp in Sources */ = {isa = PBXBuildFile; fileRef = 08B613C599F549FB9F1C6EF2 /* TabControl.cpp */; };
		7F9269FE64674838A09BBA3C /* TextBox.cpp in Sources */ = {isa = PBXBuildFile; fileRef = 36DC51AE0E984F8CA218BB66 /* TextBox.cpp */; };
		85E0B62624484998BBE412F1 /* Dragger.cpp in Sources */ = {isa = PBXBuildFile; fileRef = D35F2B1B376848518D48A321 /* Dragger.cpp */; };
		8D11072F0486CEB800E47090 /* Cocoa.framework in Frameworks */ = {isa = PBXBuildFile; fileRef = 1058C7A1FEA54F0111CA2CBB /* Cocoa.framework */; };
		90F72D42DF22495F96046A2F /* BaseRender.cpp in Sources */ = {isa = PBXBuildFile; fileRef = 7884D89015A945BCA5349FF8 /* BaseRender.cpp */; };
		91DE4A0616B342B8A00D8E3F /* Label.cpp in Sources */ = {isa = PBXBuildFile; fileRef = 4500715A342F417C99EA6AB0 /* Label.cpp */; };
		9473B1E6D5944E01A3860F8C /* FileSave.cpp in Sources */ = {isa = PBXBuildFile; fileRef = D5B80830B45A441E9DE7AAE6 /* FileSave.cpp */; };
		97434433727F4B1E912C7D86 /* ScrollBar.cpp in Sources */ = {isa = PBXBuildFile; fileRef = 63BFA4E8AA2340A1B90EAD2C /* ScrollBar.cpp */; };
		97AFE1F79ED248ECBCA3CE68 /* CrossSplitter.cpp in Sources */ = {isa = PBXBuildFile; fileRef = 55327DDEF5AC4CDFB7DE96C0 /* CrossSplitter.cpp */; };
		9B06CADAC5B342DBA701B28C /* LabelClickable.cpp in Sources */ = {isa = PBXBuildFile; fileRef = FF61DDCD9F7341B592140404 /* LabelClickable.cpp */; };
		9E21CF5E472B48CDBE298DA5 /* NumericUpDown.cpp in Sources */ = {isa = PBXBuildFile; fileRef = D6580D6690244448934D564D /* NumericUpDown.cpp */; };
		9EBA894817AA48F7B6ADE7E0 /* ComboBox.cpp in Sources */ = {isa = PBXBuildFile; fileRef = 089EB1A74FA349C895A82D77 /* ComboBox.cpp */; };
		A27904A9E0134F9F983E848A /* CollapsibleCategory.cpp in Sources */ = {isa = PBXBuildFile; fileRef = 7D571ED8340A46A2944B6E8F /* CollapsibleCategory.cpp */; };
		A2FD5A1CB7D8463F9510DCDC /* PropertyTree.cpp in Sources */ = {isa = PBXBuildFile; fileRef = A53A8F1B409D4F2DAD9262EF /* PropertyTree.cpp */; };
		A3E7AB952B02457EA2A3EAC5 /* ProgressBar.cpp in Sources */ = {isa = PBXBuildFile; fileRef = 31397BCAA6BE4212A40F013B /* ProgressBar.cpp */; };
		A87499A087C845A9A6566B47 /* Slider.cpp in Sources */ = {isa = PBXBuildFile; fileRef = D103F91EBF7646A69266D7ED /* Slider.cpp */; };
		A965C2AF8D7B41C98A6292C4 /* TextBoxNumeric.cpp in Sources */ = {isa = PBXBuildFile; fileRef = 86B8E98431754B4EBD4321FC /* TextBoxNumeric.cpp */; };
		AD55A80592F843D6AB92F5A4 /* VerticalSlider.cpp in Sources */ = {isa = PBXBuildFile; fileRef = 5C28803D50D54F46B0186BAF /* VerticalSlider.cpp */; };
		B32AA35B7BEB485991DA95CB /* GwenInput.cpp in Sources */ = {isa = PBXBuildFile; fileRef = 54B3B7C162384341A4940567 /* GwenInput.cpp */; };
		B62F452F85874B1B94A8A6FD /* TabButton.cpp in Sources */ = {isa = PBXBuildFile; fileRef = 80F2D1B5632B4DD684FC509F /* TabButton.cpp */; };
		BBA30285D74E4954A81D1BBF /* DragAndDrop.cpp in Sources */ = {isa = PBXBuildFile; fileRef = A2443F93EEBF4DCC9619FC5F /* DragAndDrop.cpp */; };
		BFB155AD454D4CEBBFBC56AA /* WindowControl.cpp in Sources */ = {isa = PBXBuildFile; fileRef = 0BBD1C9245AF49EE8166616C /* WindowControl.cpp */; };
		C8D0E9C3A1AC48A7B6D9BD50 /* Anim.cpp in Sources */ = {isa = PBXBuildFile; fileRef = EC92168EB50142F5B7230BDF /* Anim.cpp */; };
		CD3C50EA18E1DDB5008095FE /* Apercu_Mono.otf in Resources */ = {isa = PBXBuildFile; fileRef = CD3C50E818E1DDB5008095FE /* Apercu_Mono.otf */; };
		CD3C50EB18E1DDB5008095FE /* transcript_bold.otf in Resources */ = {isa = PBXBuildFile; fileRef = CD3C50E918E1DDB5008095FE /* transcript_bold.otf */; };
		D030013225364C82B25758E4 /* ColorPicker.cpp in Sources */ = {isa = PBXBuildFile; fileRef = 2ACD13E3FCB641FEAAEE0135 /* ColorPicker.cpp */; };
		D13D26A38927400CAA44D685 /* WindowCanvas.cpp in Sources */ = {isa = PBXBuildFile; fileRef = 4A0AFFA41F3F4B9B9F920385 /* WindowCanvas.cpp */; };
		D547E8C9583F4C47A9570D2D /* inputhandler.cpp in Sources */ = {isa = PBXBuildFile; fileRef = A2E3080C22884F99AE0990D0 /* inputhandler.cpp */; };
		DAF1AEA150584BE793F87297 /* RadioButtonController.cpp in Sources */ = {isa = PBXBuildFile; fileRef = C6B3883247A3460A926C44C8 /* RadioButtonController.cpp */; };
		DB0DB17F03F140E9B02E24E9 /* GwenRendererGl.cpp in Sources */ = {isa = PBXBuildFile; fileRef = A5CD061D2CE44DB48D151923 /* GwenRendererGl.cpp */; };
		DF58316A1385446589D54C06 /* ScrollBarBar.cpp in Sources */ = {isa = PBXBuildFile; fileRef = 3137B54226F945F2A586FCA0 /* ScrollBarBar.cpp */; };
		DFA00195BF084F8EB5AF1159 /* CinderApp.icns in Resources */ = {isa = PBXBuildFile; fileRef = F63E6EB639254153BD111126 /* CinderApp.icns */; };
		E044BE5B92DE4F0AA5470754 /* Menu.cpp in Sources */ = {isa = PBXBuildFile; fileRef = 42CF2C9979DB48548BDC97EA /* Menu.cpp */; };
		E608B4EE428240BCAC2063AF /* DockBase.cpp in Sources */ = {isa = PBXBuildFile; fileRef = 8B6B56C28E784BCFA6746698 /* DockBase.cpp */; };
		EBF7CBFD0EED4904B2669CEB /* CinderGwen.cpp in Sources */ = {isa = PBXBuildFile; fileRef = 9A9C367710B5422292F3E49A /* CinderGwen.cpp */; };
		EC0755AF76EC48EB80BD6637 /* HSVColorPicker.cpp in Sources */ = {isa = PBXBuildFile; fileRef = B216184FE58042688A2C18B1 /* HSVColorPicker.cpp */; };
		EE04EE84754A472A862B715A /* GroupBox.cpp in Sources */ = {isa = PBXBuildFile; fileRef = 510AC69421354E6F8A01351B /* GroupBox.cpp */; };
		EF56B6E114CC416A8C861AC6 /* Rectangle.cpp in Sources */ = {isa = PBXBuildFile; fileRef = 4F0F32FEE1674BDBAD925903 /* Rectangle.cpp */; };
		F0D50871C2424948A3831CC0 /* VerticalScrollBar.cpp in Sources */ = {isa = PBXBuildFile; fileRef = A4C61E1BF1214E8A97145982 /* VerticalScrollBar.cpp */; };
		F4087BC5BA5E4A8487FAFAF0 /* TabStrip.cpp in Sources */ = {isa = PBXBuildFile; fileRef = 34D6C9AA66B64245951935DD /* TabStrip.cpp */; };
		F7D7CBC5999E4695A8585ACE /* DockedTabControl.cpp in Sources */ = {isa = PBXBuildFile; fileRef = C05E0764DCC94C05BF2163D3 /* DockedTabControl.cpp */; };
		F80A8BFFE470496C86BCBA5C /* ListBox.cpp in Sources */ = {isa = PBXBuildFile; fileRef = F13BA911A3CF41AF88CE4765 /* ListBox.cpp */; };
		FE002A9563AF4D798F0F11A4 /* Skin.cpp in Sources */ = {isa = PBXBuildFile; fileRef = 5E5609876EC141FFA54ACEC0 /* Skin.cpp */; };
/* End PBXBuildFile section */

/* Begin PBXFileReference section */
		0091D8F80E81B9330029341E /* OpenGL.framework */ = {isa = PBXFileReference; lastKnownFileType = wrapper.framework; name = OpenGL.framework; path = /System/Library/Frameworks/OpenGL.framework; sourceTree = "<absolute>"; };
		00B784AF0FF439BC000DE1D7 /* Accelerate.framework */ = {isa = PBXFileReference; lastKnownFileType = wrapper.framework; name = Accelerate.framework; path = System/Library/Frameworks/Accelerate.framework; sourceTree = SDKROOT; };
		00B784B00FF439BC000DE1D7 /* AudioToolbox.framework */ = {isa = PBXFileReference; lastKnownFileType = wrapper.framework; name = AudioToolbox.framework; path = System/Library/Frameworks/AudioToolbox.framework; sourceTree = SDKROOT; };
		00B784B10FF439BC000DE1D7 /* AudioUnit.framework */ = {isa = PBXFileReference; lastKnownFileType = wrapper.framework; name = AudioUnit.framework; path = System/Library/Frameworks/AudioUnit.framework; sourceTree = SDKROOT; };
		00B784B20FF439BC000DE1D7 /* CoreAudio.framework */ = {isa = PBXFileReference; lastKnownFileType = wrapper.framework; name = CoreAudio.framework; path = System/Library/Frameworks/CoreAudio.framework; sourceTree = SDKROOT; };
		00DF05AFB4C446E7A79F05B5 /* Font.h */ = {isa = PBXFileReference; lastKnownFileType = sourcecode.c.h; name = Font.h; path = "../../../../Cinder/blocks/Cinder-Gwen/gwen/gwen/include/Gwen/Font.h"; sourceTree = "<group>"; };
		026655F8B4124C4091CA02B8 /* ListBox.h */ = {isa = PBXFileReference; lastKnownFileType = sourcecode.c.h; name = ListBox.h; path = "../../../../Cinder/blocks/Cinder-Gwen/gwen/gwen/include/Gwen/Controls/ListBox.h"; sourceTree = "<group>"; };
		0392FAF8C5324DB6A3FBCAC5 /* Controls.h */ = {isa = PBXFileReference; lastKnownFileType = sourcecode.c.h; name = Controls.h; path = "../../../../Cinder/blocks/Cinder-Gwen/gwen/gwen/include/Gwen/Controls.h"; sourceTree = "<group>"; };
		041BEE324A4C4E108EAACB9A /* Tile.h */ = {isa = PBXFileReference; lastKnownFileType = sourcecode.c.h; name = Tile.h; path = "../../../../Cinder/blocks/Cinder-Gwen/gwen/gwen/include/Gwen/Controls/Layout/Tile.h"; sourceTree = "<group>"; };
		049AFD78D016460E94987BAC /* HorizontalSlider.h */ = {isa = PBXFileReference; lastKnownFileType = sourcecode.c.h; name = HorizontalSlider.h; path = "../../../../Cinder/blocks/Cinder-Gwen/gwen/gwen/include/Gwen/Controls/HorizontalSlider.h"; sourceTree = "<group>"; };
		04E3D8D089CD4C21950912C9 /* WindowProvider.h */ = {isa = PBXFileReference; lastKnownFileType = sourcecode.c.h; name = WindowProvider.h; path = "../../../../Cinder/blocks/Cinder-Gwen/gwen/gwen/include/Gwen/WindowProvider.h"; sourceTree = "<group>"; };
		072A69A88CD0479D8F678715 /* Base.cpp */ = {isa = PBXFileReference; lastKnownFileType = sourcecode.c.cpp; name = Base.cpp; path = "../../../../Cinder/blocks/Cinder-Gwen/gwen/gwen/src/Controls/Base.cpp"; sourceTree = "<group>"; };
		0884A4B49EB54D7B8FD7D5E0 /* CrossSplitter.h */ = {isa = PBXFileReference; lastKnownFileType = sourcecode.c.h; name = CrossSplitter.h; path = "../../../../Cinder/blocks/Cinder-Gwen/gwen/gwen/include/Gwen/Controls/CrossSplitter.h"; sourceTree = "<group>"; };
		089EB1A74FA349C895A82D77 /* ComboBox.cpp */ = {isa = PBXFileReference; lastKnownFileType = sourcecode.c.cpp; name = ComboBox.cpp; path = "../../../../Cinder/blocks/Cinder-Gwen/gwen/gwen/src/Controls/ComboBox.cpp"; sourceTree = "<group>"; };
		08B613C599F549FB9F1C6EF2 /* TabControl.cpp */ = {isa = PBXFileReference; lastKnownFileType = sourcecode.c.cpp; name = TabControl.cpp; path = "../../../../Cinder/blocks/Cinder-Gwen/gwen/gwen/src/Controls/TabControl.cpp"; sourceTree = "<group>"; };
		090754A56FDA44BF917E2D8F /* ComboBox.h */ = {isa = PBXFileReference; lastKnownFileType = sourcecode.c.h; name = ComboBox.h; path = "../../../../Cinder/blocks/Cinder-Gwen/gwen/gwen/include/Gwen/Controls/ComboBox.h"; sourceTree = "<group>"; };
		0936810046CE41AC90F90B4D /* Info.plist */ = {isa = PBXFileReference; lastKnownFileType = text.plist.xml; path = Info.plist; sourceTree = "<group>"; };
		0A8537D0B320493199ACDD99 /* Texturing.h */ = {isa = PBXFileReference; lastKnownFileType = sourcecode.c.h; name = Texturing.h; path = "../../../../Cinder/blocks/Cinder-Gwen/gwen/gwen/include/Gwen/Skins/Texturing.h"; sourceTree = "<group>"; };
		0BA8F1E4ED4D4265BDFE507E /* Table.h */ = {isa = PBXFileReference; lastKnownFileType = sourcecode.c.h; name = Table.h; path = "../../../../Cinder/blocks/Cinder-Gwen/gwen/gwen/include/Gwen/Controls/Layout/Table.h"; sourceTree = "<group>"; };
		0BBD1C9245AF49EE8166616C /* WindowControl.cpp */ = {isa = PBXFileReference; lastKnownFileType = sourcecode.c.cpp; name = WindowControl.cpp; path = "../../../../Cinder/blocks/Cinder-Gwen/gwen/gwen/src/Controls/WindowControl.cpp"; sourceTree = "<group>"; };
		0BE8476B4E4D4CAAA2C16CB8 /* Hook.h */ = {isa = PBXFileReference; lastKnownFileType = sourcecode.c.h; name = Hook.h; path = "../../../../Cinder/blocks/Cinder-Gwen/gwen/gwen/include/Gwen/Hook.h"; sourceTree = "<group>"; };
		0C79BED98ABE4C39866D30AD /* MenuStrip.h */ = {isa = PBXFileReference; lastKnownFileType = sourcecode.c.h; name = MenuStrip.h; path = "../../../../Cinder/blocks/Cinder-Gwen/gwen/gwen/include/Gwen/Controls/MenuStrip.h"; sourceTree = "<group>"; };
		0E209A05E88548C88E58074E /* SplitterBar.h */ = {isa = PBXFileReference; lastKnownFileType = sourcecode.c.h; name = SplitterBar.h; path = "../../../../Cinder/blocks/Cinder-Gwen/gwen/gwen/include/Gwen/Controls/SplitterBar.h"; sourceTree = "<group>"; };
		0FE215A2D26E4390937DE7C4 /* TreeNode.cpp */ = {isa = PBXFileReference; lastKnownFileType = sourcecode.c.cpp; name = TreeNode.cpp; path = "../../../../Cinder/blocks/Cinder-Gwen/gwen/gwen/src/Controls/TreeNode.cpp"; sourceTree = "<group>"; };
		1058C7A1FEA54F0111CA2CBB /* Cocoa.framework */ = {isa = PBXFileReference; lastKnownFileType = wrapper.framework; name = Cocoa.framework; path = /System/Library/Frameworks/Cocoa.framework; sourceTree = "<absolute>"; };
		124BD3F899764C5E9D5146A4 /* Menu.h */ = {isa = PBXFileReference; lastKnownFileType = sourcecode.c.h; name = Menu.h; path = "../../../../Cinder/blocks/Cinder-Gwen/gwen/gwen/include/Gwen/Controls/Menu.h"; sourceTree = "<group>"; };
		17C6038AB0304ECAB3007902 /* FolderOpen.cpp */ = {isa = PBXFileReference; lastKnownFileType = sourcecode.c.cpp; name = FolderOpen.cpp; path = "../../../../Cinder/blocks/Cinder-Gwen/gwen/gwen/src/Controls/Dialog/FolderOpen.cpp"; sourceTree = "<group>"; };
		18259FB6CE7145A2A0E7BE46 /* Align.h */ = {isa = PBXFileReference; lastKnownFileType = sourcecode.c.h; name = Align.h; path = "../../../../Cinder/blocks/Cinder-Gwen/gwen/gwen/include/Gwen/Align.h"; sourceTree = "<group>"; };
		1875EF6FCD634BCDADAB5F30 /* Checkbox.h */ = {isa = PBXFileReference; lastKnownFileType = sourcecode.c.h; name = Checkbox.h; path = "../../../../Cinder/blocks/Cinder-Gwen/gwen/gwen/include/Gwen/Controls/Property/Checkbox.h"; sourceTree = "<group>"; };
		1A8244D0DD7E410BA04A68CC /* Properties.h */ = {isa = PBXFileReference; lastKnownFileType = sourcecode.c.h; name = Properties.h; path = "../../../../Cinder/blocks/Cinder-Gwen/gwen/gwen/include/Gwen/Controls/Properties.h"; sourceTree = "<group>"; };
		1B38D36271CA4DF2A18A3D03 /* Anim.h */ = {isa = PBXFileReference; lastKnownFileType = sourcecode.c.h; name = Anim.h; path = "../../../../Cinder/blocks/Cinder-Gwen/gwen/gwen/include/Gwen/Anim.h"; sourceTree = "<group>"; };
		1E531E7F5E054A5D99ADD08E /* VerticalSlider.h */ = {isa = PBXFileReference; lastKnownFileType = sourcecode.c.h; name = VerticalSlider.h; path = "../../../../Cinder/blocks/Cinder-Gwen/gwen/gwen/include/Gwen/Controls/VerticalSlider.h"; sourceTree = "<group>"; };
		21B0C1356D0B494089B87DDC /* GwenInput.h */ = {isa = PBXFileReference; lastKnownFileType = sourcecode.c.h; name = GwenInput.h; path = "../../../../Cinder/blocks/Cinder-Gwen/src/cigwen/GwenInput.h"; sourceTree = "<group>"; };
		22F6C441669E403089C909DA /* ToolTip.h */ = {isa = PBXFileReference; lastKnownFileType = sourcecode.c.h; name = ToolTip.h; path = "../../../../Cinder/blocks/Cinder-Gwen/gwen/gwen/include/Gwen/ToolTip.h"; sourceTree = "<group>"; };
		26986B764B0F4E3383264209 /* CollapsibleList.h */ = {isa = PBXFileReference; lastKnownFileType = sourcecode.c.h; name = CollapsibleList.h; path = "../../../../Cinder/blocks/Cinder-Gwen/gwen/gwen/include/Gwen/Controls/CollapsibleList.h"; sourceTree = "<group>"; };
		29297189C4A64AECBA19799D /* Events.h */ = {isa = PBXFileReference; lastKnownFileType = sourcecode.c.h; name = Events.h; path = "../../../../Cinder/blocks/Cinder-Gwen/gwen/gwen/include/Gwen/Events.h"; sourceTree = "<group>"; };
		29B97324FDCFA39411CA2CEA /* AppKit.framework */ = {isa = PBXFileReference; lastKnownFileType = wrapper.framework; name = AppKit.framework; path = /System/Library/Frameworks/AppKit.framework; sourceTree = "<absolute>"; };
		29B97325FDCFA39411CA2CEA /* Foundation.framework */ = {isa = PBXFileReference; lastKnownFileType = wrapper.framework; name = Foundation.framework; path = /System/Library/Frameworks/Foundation.framework; sourceTree = "<absolute>"; };
		29E3633191F04D85BBB40AE7 /* FileOpen.cpp */ = {isa = PBXFileReference; lastKnownFileType = sourcecode.c.cpp; name = FileOpen.cpp; path = "../../../../Cinder/blocks/Cinder-Gwen/gwen/gwen/src/Controls/Dialog/FileOpen.cpp"; sourceTree = "<group>"; };
		2ACD13E3FCB641FEAAEE0135 /* ColorPicker.cpp */ = {isa = PBXFileReference; lastKnownFileType = sourcecode.c.cpp; name = ColorPicker.cpp; path = "../../../../Cinder/blocks/Cinder-Gwen/gwen/gwen/src/Controls/ColorPicker.cpp"; sourceTree = "<group>"; };
		305EA1E6510643E1939A48FD /* FieldLabel.h */ = {isa = PBXFileReference; lastKnownFileType = sourcecode.c.h; name = FieldLabel.h; path = "../../../../Cinder/blocks/Cinder-Gwen/gwen/gwen/include/Gwen/Controls/FieldLabel.h"; sourceTree = "<group>"; };
		30FCFD3B5A4E4112AE6BAD85 /* ColorSelector.h */ = {isa = PBXFileReference; lastKnownFileType = sourcecode.c.h; name = ColorSelector.h; path = "../../../../Cinder/blocks/Cinder-Gwen/gwen/gwen/include/Gwen/Controls/Property/ColorSelector.h"; sourceTree = "<group>"; };
		3137B54226F945F2A586FCA0 /* ScrollBarBar.cpp */ = {isa = PBXFileReference; lastKnownFileType = sourcecode.c.cpp; name = ScrollBarBar.cpp; path = "../../../../Cinder/blocks/Cinder-Gwen/gwen/gwen/src/Controls/ScrollBarBar.cpp"; sourceTree = "<group>"; };
		31397BCAA6BE4212A40F013B /* ProgressBar.cpp */ = {isa = PBXFileReference; lastKnownFileType = sourcecode.c.cpp; name = ProgressBar.cpp; path = "../../../../Cinder/blocks/Cinder-Gwen/gwen/gwen/src/Controls/ProgressBar.cpp"; sourceTree = "<group>"; };
		32DAE113BEC84886966D5CC8 /* Folder.h */ = {isa = PBXFileReference; lastKnownFileType = sourcecode.c.h; name = Folder.h; path = "../../../../Cinder/blocks/Cinder-Gwen/gwen/gwen/include/Gwen/Controls/Property/Folder.h"; sourceTree = "<group>"; };
		336D3797EF3E417883D3BC08 /* ScrollBarButton.cpp */ = {isa = PBXFileReference; lastKnownFileType = sourcecode.c.cpp; name = ScrollBarButton.cpp; path = "../../../../Cinder/blocks/Cinder-Gwen/gwen/gwen/src/Controls/ScrollBarButton.cpp"; sourceTree = "<group>"; };
		342E21A0A9E34EA5B91B26FC /* Macros.h */ = {isa = PBXFileReference; lastKnownFileType = sourcecode.c.h; name = Macros.h; path = "../../../../Cinder/blocks/Cinder-Gwen/gwen/gwen/include/Gwen/Macros.h"; sourceTree = "<group>"; };
		34D6C9AA66B64245951935DD /* TabStrip.cpp */ = {isa = PBXFileReference; lastKnownFileType = sourcecode.c.cpp; name = TabStrip.cpp; path = "../../../../Cinder/blocks/Cinder-Gwen/gwen/gwen/src/Controls/TabStrip.cpp"; sourceTree = "<group>"; };
		36929AD179B94D50A7AD7C23 /* PageControl.cpp */ = {isa = PBXFileReference; lastKnownFileType = sourcecode.c.cpp; name = PageControl.cpp; path = "../../../../Cinder/blocks/Cinder-Gwen/gwen/gwen/src/Controls/PageControl.cpp"; sourceTree = "<group>"; };
		36A4AC1A59414FFCB44DE1F8 /* GwenRendererGl.h */ = {isa = PBXFileReference; lastKnownFileType = sourcecode.c.h; name = GwenRendererGl.h; path = "../../../../Cinder/blocks/Cinder-Gwen/src/cigwen/GwenRendererGl.h"; sourceTree = "<group>"; };
		36DC51AE0E984F8CA218BB66 /* TextBox.cpp */ = {isa = PBXFileReference; lastKnownFileType = sourcecode.c.cpp; name = TextBox.cpp; path = "../../../../Cinder/blocks/Cinder-Gwen/gwen/gwen/src/Controls/TextBox.cpp"; sourceTree = "<group>"; };
		3934C5294C8C4B7A922531EE /* PropertyTree.h */ = {isa = PBXFileReference; lastKnownFileType = sourcecode.c.h; name = PropertyTree.h; path = "../../../../Cinder/blocks/Cinder-Gwen/gwen/gwen/include/Gwen/Controls/PropertyTree.h"; sourceTree = "<group>"; };
		3A9486C2D9854BFCA4D7D87D /* MenuItem.h */ = {isa = PBXFileReference; lastKnownFileType = sourcecode.c.h; name = MenuItem.h; path = "../../../../Cinder/blocks/Cinder-Gwen/gwen/gwen/include/Gwen/Controls/MenuItem.h"; sourceTree = "<group>"; };
		3C683280D4A14205B3D72ED3 /* MenuItem.cpp */ = {isa = PBXFileReference; lastKnownFileType = sourcecode.c.cpp; name = MenuItem.cpp; path = "../../../../Cinder/blocks/Cinder-Gwen/gwen/gwen/src/Controls/MenuItem.cpp"; sourceTree = "<group>"; };
		3D582E0D46894D73A8C376D5 /* FileSave.h */ = {isa = PBXFileReference; lastKnownFileType = sourcecode.c.h; name = FileSave.h; path = "../../../../Cinder/blocks/Cinder-Gwen/gwen/gwen/include/Gwen/Controls/Dialogs/FileSave.h"; sourceTree = "<group>"; };
		40A20D5E6CED46E78972AA1D /* Properties.cpp */ = {isa = PBXFileReference; lastKnownFileType = sourcecode.c.cpp; name = Properties.cpp; path = "../../../../Cinder/blocks/Cinder-Gwen/gwen/gwen/src/Controls/Properties.cpp"; sourceTree = "<group>"; };
		413CFBAAC98B463D927963C5 /* Utility.cpp */ = {isa = PBXFileReference; lastKnownFileType = sourcecode.c.cpp; name = Utility.cpp; path = "../../../../Cinder/blocks/Cinder-Gwen/gwen/gwen/src/Utility.cpp"; sourceTree = "<group>"; };
		41A3AE1AB95D400397CDB517 /* Simple.h */ = {isa = PBXFileReference; lastKnownFileType = sourcecode.c.h; name = Simple.h; path = "../../../../Cinder/blocks/Cinder-Gwen/gwen/gwen/include/Gwen/Skins/Simple.h"; sourceTree = "<group>"; };
		4236D87883F04850943ACF22 /* ScrollBarBar.h */ = {isa = PBXFileReference; lastKnownFileType = sourcecode.c.h; name = ScrollBarBar.h; path = "../../../../Cinder/blocks/Cinder-Gwen/gwen/gwen/include/Gwen/Controls/ScrollBarBar.h"; sourceTree = "<group>"; };
		42CF2C9979DB48548BDC97EA /* Menu.cpp */ = {isa = PBXFileReference; lastKnownFileType = sourcecode.c.cpp; name = Menu.cpp; path = "../../../../Cinder/blocks/Cinder-Gwen/gwen/gwen/src/Controls/Menu.cpp"; sourceTree = "<group>"; };
		43ADBA4F2DD54E44A325CCE2 /* Skin.h */ = {isa = PBXFileReference; lastKnownFileType = sourcecode.c.h; name = Skin.h; path = "../../../../Cinder/blocks/Cinder-Gwen/gwen/gwen/include/Gwen/Skin.h"; sourceTree = "<group>"; };
		43CB3E35E7C54F4A9A5130EE /* ResizableControl.h */ = {isa = PBXFileReference; lastKnownFileType = sourcecode.c.h; name = ResizableControl.h; path = "../../../../Cinder/blocks/Cinder-Gwen/gwen/gwen/include/Gwen/Controls/ResizableControl.h"; sourceTree = "<group>"; };
		4500715A342F417C99EA6AB0 /* Label.cpp */ = {isa = PBXFileReference; lastKnownFileType = sourcecode.c.cpp; name = Label.cpp; path = "../../../../Cinder/blocks/Cinder-Gwen/gwen/gwen/src/Controls/Label.cpp"; sourceTree = "<group>"; };
		486B425899714A4BA08AEB40 /* CinderGwen.h */ = {isa = PBXFileReference; lastKnownFileType = sourcecode.c.h; name = CinderGwen.h; path = "../../../../Cinder/blocks/Cinder-Gwen/src/cigwen/CinderGwen.h"; sourceTree = "<group>"; };
		4A0AFFA41F3F4B9B9F920385 /* WindowCanvas.cpp */ = {isa = PBXFileReference; lastKnownFileType = sourcecode.c.cpp; name = WindowCanvas.cpp; path = "../../../../Cinder/blocks/Cinder-Gwen/gwen/gwen/src/Controls/WindowCanvas.cpp"; sourceTree = "<group>"; };
		4B07D88F73F34E9C98C07569 /* TabButton.h */ = {isa = PBXFileReference; lastKnownFileType = sourcecode.c.h; name = TabButton.h; path = "../../../../Cinder/blocks/Cinder-Gwen/gwen/gwen/include/Gwen/Controls/TabButton.h"; sourceTree = "<group>"; };
		4B353B03F7C1416286333969 /* WindowButtons.h */ = {isa = PBXFileReference; lastKnownFileType = sourcecode.c.h; name = WindowButtons.h; path = "../../../../Cinder/blocks/Cinder-Gwen/gwen/gwen/include/Gwen/Controls/WindowButtons.h"; sourceTree = "<group>"; };
		4BF22D9E22AA417C9A9F5361 /* ProgressBar.h */ = {isa = PBXFileReference; lastKnownFileType = sourcecode.c.h; name = ProgressBar.h; path = "../../../../Cinder/blocks/Cinder-Gwen/gwen/gwen/include/Gwen/Controls/ProgressBar.h"; sourceTree = "<group>"; };
		4BF9E81C83BA4F6889F787D6 /* NumericUpDown.h */ = {isa = PBXFileReference; lastKnownFileType = sourcecode.c.h; name = NumericUpDown.h; path = "../../../../Cinder/blocks/Cinder-Gwen/gwen/gwen/include/Gwen/Controls/NumericUpDown.h"; sourceTree = "<group>"; };
		4C383DF6AE4F45E19FE7D16B /* Text.h */ = {isa = PBXFileReference; lastKnownFileType = sourcecode.c.h; name = Text.h; path = "../../../../Cinder/blocks/Cinder-Gwen/gwen/gwen/include/Gwen/Controls/Property/Text.h"; sourceTree = "<group>"; };
		4CDCE056641642D1A56095F1 /* FilePicker.h */ = {isa = PBXFileReference; lastKnownFileType = sourcecode.c.h; name = FilePicker.h; path = "../../../../Cinder/blocks/Cinder-Gwen/gwen/gwen/include/Gwen/Controls/FilePicker.h"; sourceTree = "<group>"; };
		4E526E71D1C04F178BD9C507 /* FileOpen.h */ = {isa = PBXFileReference; lastKnownFileType = sourcecode.c.h; name = FileOpen.h; path = "../../../../Cinder/blocks/Cinder-Gwen/gwen/gwen/include/Gwen/Controls/Dialogs/FileOpen.h"; sourceTree = "<group>"; };
		4F0F32FEE1674BDBAD925903 /* Rectangle.cpp */ = {isa = PBXFileReference; lastKnownFileType = sourcecode.c.cpp; name = Rectangle.cpp; path = "../../../../Cinder/blocks/Cinder-Gwen/gwen/gwen/src/Controls/Rectangle.cpp"; sourceTree = "<group>"; };
		50BA7E85174C47319D834FF4 /* RadioButtonController.h */ = {isa = PBXFileReference; lastKnownFileType = sourcecode.c.h; name = RadioButtonController.h; path = "../../../../Cinder/blocks/Cinder-Gwen/gwen/gwen/include/Gwen/Controls/RadioButtonController.h"; sourceTree = "<group>"; };
		510AC69421354E6F8A01351B /* GroupBox.cpp */ = {isa = PBXFileReference; lastKnownFileType = sourcecode.c.cpp; name = GroupBox.cpp; path = "../../../../Cinder/blocks/Cinder-Gwen/gwen/gwen/src/Controls/GroupBox.cpp"; sourceTree = "<group>"; };
		5323E6B10EAFCA74003A9687 /* CoreVideo.framework */ = {isa = PBXFileReference; lastKnownFileType = wrapper.framework; name = CoreVideo.framework; path = /System/Library/Frameworks/CoreVideo.framework; sourceTree = "<absolute>"; };
		5323E6B50EAFCA7E003A9687 /* QTKit.framework */ = {isa = PBXFileReference; lastKnownFileType = wrapper.framework; name = QTKit.framework; path = /System/Library/Frameworks/QTKit.framework; sourceTree = "<absolute>"; };
		539AB9AB57A949A1AC6A1CFC /* RichLabel.cpp */ = {isa = PBXFileReference; lastKnownFileType = sourcecode.c.cpp; name = RichLabel.cpp; path = "../../../../Cinder/blocks/Cinder-Gwen/gwen/gwen/src/Controls/RichLabel.cpp"; sourceTree = "<group>"; };
		53FDCC8313A04ADAA565A58D /* SplitterBar.cpp */ = {isa = PBXFileReference; lastKnownFileType = sourcecode.c.cpp; name = SplitterBar.cpp; path = "../../../../Cinder/blocks/Cinder-Gwen/gwen/gwen/src/Controls/SplitterBar.cpp"; sourceTree = "<group>"; };
		54B3B7C162384341A4940567 /* GwenInput.cpp */ = {isa = PBXFileReference; lastKnownFileType = sourcecode.c.cpp; name = GwenInput.cpp; path = "../../../../Cinder/blocks/Cinder-Gwen/src/cigwen/GwenInput.cpp"; sourceTree = "<group>"; };
		54CCB941B9E74861B4578CE8 /* ImagePanel.cpp */ = {isa = PBXFileReference; lastKnownFileType = sourcecode.c.cpp; name = ImagePanel.cpp; path = "../../../../Cinder/blocks/Cinder-Gwen/gwen/gwen/src/Controls/ImagePanel.cpp"; sourceTree = "<group>"; };
		55327DDEF5AC4CDFB7DE96C0 /* CrossSplitter.cpp */ = {isa = PBXFileReference; lastKnownFileType = sourcecode.c.cpp; name = CrossSplitter.cpp; path = "../../../../Cinder/blocks/Cinder-Gwen/gwen/gwen/src/Controls/CrossSplitter.cpp"; sourceTree = "<group>"; };
		5758AD34879540CA8997B3BB /* RichLabel.h */ = {isa = PBXFileReference; lastKnownFileType = sourcecode.c.h; name = RichLabel.h; path = "../../../../Cinder/blocks/Cinder-Gwen/gwen/gwen/include/Gwen/Controls/RichLabel.h"; sourceTree = "<group>"; };
		5A42DBBC14D14DBCA9D2703C /* Rectangle.h */ = {isa = PBXFileReference; lastKnownFileType = sourcecode.c.h; name = Rectangle.h; path = "../../../../Cinder/blocks/Cinder-Gwen/gwen/gwen/include/Gwen/Controls/Rectangle.h"; sourceTree = "<group>"; };
		5A804A08D9654C07A3C42D23 /* Button.h */ = {isa = PBXFileReference; lastKnownFileType = sourcecode.c.h; name = Button.h; path = "../../../../Cinder/blocks/Cinder-Gwen/gwen/gwen/include/Gwen/Controls/Button.h"; sourceTree = "<group>"; };
		5AFBDED52E1048E7B93D237E /* RadioButton.cpp */ = {isa = PBXFileReference; lastKnownFileType = sourcecode.c.cpp; name = RadioButton.cpp; path = "../../../../Cinder/blocks/Cinder-Gwen/gwen/gwen/src/Controls/RadioButton.cpp"; sourceTree = "<group>"; };
		5C28803D50D54F46B0186BAF /* VerticalSlider.cpp */ = {isa = PBXFileReference; lastKnownFileType = sourcecode.c.cpp; name = VerticalSlider.cpp; path = "../../../../Cinder/blocks/Cinder-Gwen/gwen/gwen/src/Controls/VerticalSlider.cpp"; sourceTree = "<group>"; };
		5D11B17AC63644CCA39385D7 /* Query.h */ = {isa = PBXFileReference; lastKnownFileType = sourcecode.c.h; name = Query.h; path = "../../../../Cinder/blocks/Cinder-Gwen/gwen/gwen/include/Gwen/Controls/Dialogs/Query.h"; sourceTree = "<group>"; };
		5D7F81D302194962B9652443 /* ControlFactory.h */ = {isa = PBXFileReference; lastKnownFileType = sourcecode.c.h; name = ControlFactory.h; path = "../../../../Cinder/blocks/Cinder-Gwen/gwen/gwen/include/Gwen/Util/ControlFactory.h"; sourceTree = "<group>"; };
		5E5609876EC141FFA54ACEC0 /* Skin.cpp */ = {isa = PBXFileReference; lastKnownFileType = sourcecode.c.cpp; name = Skin.cpp; path = "../../../../Cinder/blocks/Cinder-Gwen/gwen/gwen/src/Skin.cpp"; sourceTree = "<group>"; };
		5E9634A152C2496A8C87AE4F /* LabelClickable.h */ = {isa = PBXFileReference; lastKnownFileType = sourcecode.c.h; name = LabelClickable.h; path = "../../../../Cinder/blocks/Cinder-Gwen/gwen/gwen/include/Gwen/Controls/LabelClickable.h"; sourceTree = "<group>"; };
		5F0CE0328D7F424BBD531B84 /* Position.h */ = {isa = PBXFileReference; lastKnownFileType = sourcecode.c.h; name = Position.h; path = "../../../../Cinder/blocks/Cinder-Gwen/gwen/gwen/include/Gwen/Controls/Layout/Position.h"; sourceTree = "<group>"; };
		6017CC6A71654E7F83D6D036 /* ScrollControl.cpp */ = {isa = PBXFileReference; lastKnownFileType = sourcecode.c.cpp; name = ScrollControl.cpp; path = "../../../../Cinder/blocks/Cinder-Gwen/gwen/gwen/src/Controls/ScrollControl.cpp"; sourceTree = "<group>"; };
		620489B7A41A44A78B6EAC2B /* Button.cpp */ = {isa = PBXFileReference; lastKnownFileType = sourcecode.c.cpp; name = Button.cpp; path = "../../../../Cinder/blocks/Cinder-Gwen/gwen/gwen/src/Controls/Button.cpp"; sourceTree = "<group>"; };
		63BFA4E8AA2340A1B90EAD2C /* ScrollBar.cpp */ = {isa = PBXFileReference; lastKnownFileType = sourcecode.c.cpp; name = ScrollBar.cpp; path = "../../../../Cinder/blocks/Cinder-Gwen/gwen/gwen/src/Controls/ScrollBar.cpp"; sourceTree = "<group>"; };
		644C53BDFBF44B45BA3D1DE6 /* TabTitleBar.h */ = {isa = PBXFileReference; lastKnownFileType = sourcecode.c.h; name = TabTitleBar.h; path = "../../../../Cinder/blocks/Cinder-Gwen/gwen/gwen/include/Gwen/Controls/TabTitleBar.h"; sourceTree = "<group>"; };
		65AA2890F3274BDCB3D46288 /* ColorPicker.h */ = {isa = PBXFileReference; lastKnownFileType = sourcecode.c.h; name = ColorPicker.h; path = "../../../../Cinder/blocks/Cinder-Gwen/gwen/gwen/include/Gwen/Controls/ColorPicker.h"; sourceTree = "<group>"; };
		67ADB749F8514078BC923FA9 /* HorizontalScrollBar.cpp */ = {isa = PBXFileReference; lastKnownFileType = sourcecode.c.cpp; name = HorizontalScrollBar.cpp; path = "../../../../Cinder/blocks/Cinder-Gwen/gwen/gwen/src/Controls/HorizontalScrollBar.cpp"; sourceTree = "<group>"; };
		6A4C8E96CA2B4F058556C155 /* Hook.cpp */ = {isa = PBXFileReference; lastKnownFileType = sourcecode.c.cpp; name = Hook.cpp; path = "../../../../Cinder/blocks/Cinder-Gwen/gwen/gwen/src/Hook.cpp"; sourceTree = "<group>"; };
		7025694B091F4DEBB3D78E3D /* ScrollControl.h */ = {isa = PBXFileReference; lastKnownFileType = sourcecode.c.h; name = ScrollControl.h; path = "../../../../Cinder/blocks/Cinder-Gwen/gwen/gwen/include/Gwen/Controls/ScrollControl.h"; sourceTree = "<group>"; };
		70E201DDB3CF4B52A5F4D81F /* HSVColorPicker.h */ = {isa = PBXFileReference; lastKnownFileType = sourcecode.c.h; name = HSVColorPicker.h; path = "../../../../Cinder/blocks/Cinder-Gwen/gwen/gwen/include/Gwen/Controls/HSVColorPicker.h"; sourceTree = "<group>"; };
		7451198B657B4CCCAF9620AE /* TextBox.h */ = {isa = PBXFileReference; lastKnownFileType = sourcecode.c.h; name = TextBox.h; path = "../../../../Cinder/blocks/Cinder-Gwen/gwen/gwen/include/Gwen/Controls/TextBox.h"; sourceTree = "<group>"; };
		785AD8822F9548ACB3541D0C /* TreeControl.cpp */ = {isa = PBXFileReference; lastKnownFileType = sourcecode.c.cpp; name = TreeControl.cpp; path = "../../../../Cinder/blocks/Cinder-Gwen/gwen/gwen/src/Controls/TreeControl.cpp"; sourceTree = "<group>"; };
		7882F9FEF64F4E9BA6C3DE45 /* ControlList.h */ = {isa = PBXFileReference; lastKnownFileType = sourcecode.c.h; name = ControlList.h; path = "../../../../Cinder/blocks/Cinder-Gwen/gwen/gwen/include/Gwen/ControlList.h"; sourceTree = "<group>"; };
		7884D89015A945BCA5349FF8 /* BaseRender.cpp */ = {isa = PBXFileReference; lastKnownFileType = sourcecode.c.cpp; name = BaseRender.cpp; path = "../../../../Cinder/blocks/Cinder-Gwen/gwen/gwen/src/BaseRender.cpp"; sourceTree = "<group>"; };
		78FB1BA73D444CC89792C6F9 /* TreeControl.h */ = {isa = PBXFileReference; lastKnownFileType = sourcecode.c.h; name = TreeControl.h; path = "../../../../Cinder/blocks/Cinder-Gwen/gwen/gwen/include/Gwen/Controls/TreeControl.h"; sourceTree = "<group>"; };
		7CB6741BB61745B8A7904A38 /* Label.h */ = {isa = PBXFileReference; lastKnownFileType = sourcecode.c.h; name = Label.h; path = "../../../../Cinder/blocks/Cinder-Gwen/gwen/gwen/include/Gwen/Controls/Label.h"; sourceTree = "<group>"; };
		7D1CE03D042F43939E1D36D6 /* TreeNode.h */ = {isa = PBXFileReference; lastKnownFileType = sourcecode.c.h; name = TreeNode.h; path = "../../../../Cinder/blocks/Cinder-Gwen/gwen/gwen/include/Gwen/Controls/TreeNode.h"; sourceTree = "<group>"; };
		7D3D69D8CB854BF5BB00B157 /* Query.cpp */ = {isa = PBXFileReference; lastKnownFileType = sourcecode.c.cpp; name = Query.cpp; path = "../../../../Cinder/blocks/Cinder-Gwen/gwen/gwen/src/Controls/Dialog/Query.cpp"; sourceTree = "<group>"; };
		7D571ED8340A46A2944B6E8F /* CollapsibleCategory.cpp */ = {isa = PBXFileReference; lastKnownFileType = sourcecode.c.cpp; name = CollapsibleCategory.cpp; path = "../../../../Cinder/blocks/Cinder-Gwen/gwen/gwen/src/Controls/CollapsibleCategory.cpp"; sourceTree = "<group>"; };
		7E28743BD5AA482A868A1141 /* TabStrip.h */ = {isa = PBXFileReference; lastKnownFileType = sourcecode.c.h; name = TabStrip.h; path = "../../../../Cinder/blocks/Cinder-Gwen/gwen/gwen/include/Gwen/Controls/TabStrip.h"; sourceTree = "<group>"; };
		7EF7656A6B554A86B0E71DFE /* FolderOpen.h */ = {isa = PBXFileReference; lastKnownFileType = sourcecode.c.h; name = FolderOpen.h; path = "../../../../Cinder/blocks/Cinder-Gwen/gwen/gwen/include/Gwen/Controls/Dialogs/FolderOpen.h"; sourceTree = "<group>"; };
		80F2D1B5632B4DD684FC509F /* TabButton.cpp */ = {isa = PBXFileReference; lastKnownFileType = sourcecode.c.cpp; name = TabButton.cpp; path = "../../../../Cinder/blocks/Cinder-Gwen/gwen/gwen/src/Controls/TabButton.cpp"; sourceTree = "<group>"; };
		84810316C02247EBB876448B /* Gwen.cpp */ = {isa = PBXFileReference; lastKnownFileType = sourcecode.c.cpp; name = Gwen.cpp; path = "../../../../Cinder/blocks/Cinder-Gwen/gwen/gwen/src/Gwen.cpp"; sourceTree = "<group>"; };
		8639072ED7DF41B6A165B69D /* WindowControl.h */ = {isa = PBXFileReference; lastKnownFileType = sourcecode.c.h; name = WindowControl.h; path = "../../../../Cinder/blocks/Cinder-Gwen/gwen/gwen/include/Gwen/Controls/WindowControl.h"; sourceTree = "<group>"; };
		86B8E98431754B4EBD4321FC /* TextBoxNumeric.cpp */ = {isa = PBXFileReference; lastKnownFileType = sourcecode.c.cpp; name = TextBoxNumeric.cpp; path = "../../../../Cinder/blocks/Cinder-Gwen/gwen/gwen/src/Controls/TextBoxNumeric.cpp"; sourceTree = "<group>"; };
		87BA58E55CCC4B2C9158A798 /* Dark.h */ = {isa = PBXFileReference; lastKnownFileType = sourcecode.c.h; name = Dark.h; path = "../../../../Cinder/blocks/Cinder-Gwen/gwen/gwen/include/Gwen/Skins/Dark.h"; sourceTree = "<group>"; };
		883D84319C1C467A9C740DF6 /* TextObject.h */ = {isa = PBXFileReference; lastKnownFileType = sourcecode.c.h; name = TextObject.h; path = "../../../../Cinder/blocks/Cinder-Gwen/gwen/gwen/include/Gwen/TextObject.h"; sourceTree = "<group>"; };
		8B6B56C28E784BCFA6746698 /* DockBase.cpp */ = {isa = PBXFileReference; lastKnownFileType = sourcecode.c.cpp; name = DockBase.cpp; path = "../../../../Cinder/blocks/Cinder-Gwen/gwen/gwen/src/Controls/DockBase.cpp"; sourceTree = "<group>"; };
		8D1107320486CEB800E47090 /* NextQuoteProcessor.app */ = {isa = PBXFileReference; explicitFileType = wrapper.application; includeInIndex = 0; path = NextQuoteProcessor.app; sourceTree = BUILT_PRODUCTS_DIR; };
		90DD9AF325D041EE94F2866C /* Utility.h */ = {isa = PBXFileReference; lastKnownFileType = sourcecode.c.h; name = Utility.h; path = "../../../../Cinder/blocks/Cinder-Gwen/gwen/gwen/include/Gwen/Utility.h"; sourceTree = "<group>"; };
		9294E29D39D143EFA4E9ED02 /* PageControl.h */ = {isa = PBXFileReference; lastKnownFileType = sourcecode.c.h; name = PageControl.h; path = "../../../../Cinder/blocks/Cinder-Gwen/gwen/gwen/include/Gwen/Controls/PageControl.h"; sourceTree = "<group>"; };
		93A9EAAEA6C54C8FAFA2E2F3 /* MenuStrip.cpp */ = {isa = PBXFileReference; lastKnownFileType = sourcecode.c.cpp; name = MenuStrip.cpp; path = "../../../../Cinder/blocks/Cinder-Gwen/gwen/gwen/src/Controls/MenuStrip.cpp"; sourceTree = "<group>"; };
		94755B4DE404413586361AC8 /* WindowCanvas.h */ = {isa = PBXFileReference; lastKnownFileType = sourcecode.c.h; name = WindowCanvas.h; path = "../../../../Cinder/blocks/Cinder-Gwen/gwen/gwen/include/Gwen/Controls/WindowCanvas.h"; sourceTree = "<group>"; };
		948D272FACEC4C6A9843C45D /* VerticalScrollBar.h */ = {isa = PBXFileReference; lastKnownFileType = sourcecode.c.h; name = VerticalScrollBar.h; path = "../../../../Cinder/blocks/Cinder-Gwen/gwen/gwen/include/Gwen/Controls/VerticalScrollBar.h"; sourceTree = "<group>"; };
		953230E03042437B98325DC6 /* Base.h */ = {isa = PBXFileReference; lastKnownFileType = sourcecode.c.h; name = Base.h; path = "../../../../Cinder/blocks/Cinder-Gwen/gwen/gwen/include/Gwen/Controls/Base.h"; sourceTree = "<group>"; };
		963096126C8F44109CDD5505 /* events.cpp */ = {isa = PBXFileReference; lastKnownFileType = sourcecode.c.cpp; name = events.cpp; path = "../../../../Cinder/blocks/Cinder-Gwen/gwen/gwen/src/events.cpp"; sourceTree = "<group>"; };
		965B44E7E5394674A8206232 /* Modal.h */ = {isa = PBXFileReference; lastKnownFileType = sourcecode.c.h; name = Modal.h; path = "../../../../Cinder/blocks/Cinder-Gwen/gwen/gwen/include/Gwen/Controls/Modal.h"; sourceTree = "<group>"; };
		97066770684A47228B914583 /* Exports.h */ = {isa = PBXFileReference; lastKnownFileType = sourcecode.c.h; name = Exports.h; path = "../../../../Cinder/blocks/Cinder-Gwen/gwen/gwen/include/Gwen/Exports.h"; sourceTree = "<group>"; };
		977BBD4EA6204CEA864487DC /* InputHandler.h */ = {isa = PBXFileReference; lastKnownFileType = sourcecode.c.h; name = InputHandler.h; path = "../../../../Cinder/blocks/Cinder-Gwen/gwen/gwen/include/Gwen/InputHandler.h"; sourceTree = "<group>"; };
		9A9C367710B5422292F3E49A /* CinderGwen.cpp */ = {isa = PBXFileReference; explicitFileType = sourcecode.cpp.objcpp; name = CinderGwen.cpp; path = "../../../../Cinder/blocks/Cinder-Gwen/src/cigwen/CinderGwen.cpp"; sourceTree = "<group>"; };
		9C05CEB5673B4879B3947785 /* StatusBar.h */ = {isa = PBXFileReference; lastKnownFileType = sourcecode.c.h; name = StatusBar.h; path = "../../../../Cinder/blocks/Cinder-Gwen/gwen/gwen/include/Gwen/Controls/StatusBar.h"; sourceTree = "<group>"; };
		9D9E32866E6F48D089F3E421 /* Dragger.h */ = {isa = PBXFileReference; lastKnownFileType = sourcecode.c.h; name = Dragger.h; path = "../../../../Cinder/blocks/Cinder-Gwen/gwen/gwen/include/Gwen/Controls/Dragger.h"; sourceTree = "<group>"; };
		9F773E320B4542BD8B3140E1 /* NextQuoteProcessor_Prefix.pch */ = {isa = PBXFileReference; lastKnownFileType = "\"\""; path = NextQuoteProcessor_Prefix.pch; sourceTree = "<group>"; };
		A2443F93EEBF4DCC9619FC5F /* DragAndDrop.cpp */ = {isa = PBXFileReference; lastKnownFileType = sourcecode.c.cpp; name = DragAndDrop.cpp; path = "../../../../Cinder/blocks/Cinder-Gwen/gwen/gwen/src/DragAndDrop.cpp"; sourceTree = "<group>"; };
		A2E3080C22884F99AE0990D0 /* inputhandler.cpp */ = {isa = PBXFileReference; lastKnownFileType = sourcecode.c.cpp; name = inputhandler.cpp; path = "../../../../Cinder/blocks/Cinder-Gwen/gwen/gwen/src/inputhandler.cpp"; sourceTree = "<group>"; };
		A429ABADD0484E298586019D /* Resizer.cpp */ = {isa = PBXFileReference; lastKnownFileType = sourcecode.c.cpp; name = Resizer.cpp; path = "../../../../Cinder/blocks/Cinder-Gwen/gwen/gwen/src/Controls/Resizer.cpp"; sourceTree = "<group>"; };
		A4C61E1BF1214E8A97145982 /* VerticalScrollBar.cpp */ = {isa = PBXFileReference; lastKnownFileType = sourcecode.c.cpp; name = VerticalScrollBar.cpp; path = "../../../../Cinder/blocks/Cinder-Gwen/gwen/gwen/src/Controls/VerticalScrollBar.cpp"; sourceTree = "<group>"; };
		A53A8F1B409D4F2DAD9262EF /* PropertyTree.cpp */ = {isa = PBXFileReference; lastKnownFileType = sourcecode.c.cpp; name = PropertyTree.cpp; path = "../../../../Cinder/blocks/Cinder-Gwen/gwen/gwen/src/Controls/PropertyTree.cpp"; sourceTree = "<group>"; };
		A551CEF23B4945F797C51102 /* DragAndDrop.h */ = {isa = PBXFileReference; lastKnownFileType = sourcecode.c.h; name = DragAndDrop.h; path = "../../../../Cinder/blocks/Cinder-Gwen/gwen/gwen/include/Gwen/DragAndDrop.h"; sourceTree = "<group>"; };
		A5CD061D2CE44DB48D151923 /* GwenRendererGl.cpp */ = {isa = PBXFileReference; lastKnownFileType = sourcecode.c.cpp; name = GwenRendererGl.cpp; path = "../../../../Cinder/blocks/Cinder-Gwen/src/cigwen/GwenRendererGl.cpp"; sourceTree = "<group>"; };
		ABB49419FD4D49A6BE8D9FB1 /* Text.cpp */ = {isa = PBXFileReference; lastKnownFileType = sourcecode.c.cpp; name = Text.cpp; path = "../../../../Cinder/blocks/Cinder-Gwen/gwen/gwen/src/Controls/Text.cpp"; sourceTree = "<group>"; };
		AD13C638F1D4475CB5F6355A /* CollapsibleCategory.h */ = {isa = PBXFileReference; lastKnownFileType = sourcecode.c.h; name = CollapsibleCategory.h; path = "../../../../Cinder/blocks/Cinder-Gwen/gwen/gwen/include/Gwen/Controls/CollapsibleCategory.h"; sourceTree = "<group>"; };
		AFAC19F931A14BCBACBEADDD /* TabControl.h */ = {isa = PBXFileReference; lastKnownFileType = sourcecode.c.h; name = TabControl.h; path = "../../../../Cinder/blocks/Cinder-Gwen/gwen/gwen/include/Gwen/Controls/TabControl.h"; sourceTree = "<group>"; };
		B112ECAF7A1D420F8EDF6B77 /* Text.h */ = {isa = PBXFileReference; lastKnownFileType = sourcecode.c.h; name = Text.h; path = "../../../../Cinder/blocks/Cinder-Gwen/gwen/gwen/include/Gwen/Controls/Text.h"; sourceTree = "<group>"; };
		B11FFDBA83584D3794FAC3B5 /* CheckBox.h */ = {isa = PBXFileReference; lastKnownFileType = sourcecode.c.h; name = CheckBox.h; path = "../../../../Cinder/blocks/Cinder-Gwen/gwen/gwen/include/Gwen/Controls/CheckBox.h"; sourceTree = "<group>"; };
		B216184FE58042688A2C18B1 /* HSVColorPicker.cpp */ = {isa = PBXFileReference; lastKnownFileType = sourcecode.c.cpp; name = HSVColorPicker.cpp; path = "../../../../Cinder/blocks/Cinder-Gwen/gwen/gwen/src/Controls/HSVColorPicker.cpp"; sourceTree = "<group>"; };
		B399F36549D141B2B7D3F087 /* DockBase.h */ = {isa = PBXFileReference; lastKnownFileType = sourcecode.c.h; name = DockBase.h; path = "../../../../Cinder/blocks/Cinder-Gwen/gwen/gwen/include/Gwen/Controls/DockBase.h"; sourceTree = "<group>"; };
		B39EB65007964C9ABB32751F /* Config.h */ = {isa = PBXFileReference; lastKnownFileType = sourcecode.c.h; name = Config.h; path = "../../../../Cinder/blocks/Cinder-Gwen/gwen/gwen/include/Gwen/Config.h"; sourceTree = "<group>"; };
		B8C81321E98B46358A154987 /* Slider.h */ = {isa = PBXFileReference; lastKnownFileType = sourcecode.c.h; name = Slider.h; path = "../../../../Cinder/blocks/Cinder-Gwen/gwen/gwen/include/Gwen/Controls/Slider.h"; sourceTree = "<group>"; };
		B9C04240B880421B9DF9F59E /* Structures.h */ = {isa = PBXFileReference; lastKnownFileType = sourcecode.c.h; name = Structures.h; path = "../../../../Cinder/blocks/Cinder-Gwen/gwen/gwen/include/Gwen/Structures.h"; sourceTree = "<group>"; };
		BA304659EAFD4EE4BDA4E8F7 /* Resources.h */ = {isa = PBXFileReference; lastKnownFileType = sourcecode.c.h; name = Resources.h; path = ../include/Resources.h; sourceTree = "<group>"; };
		BC2BFBE2158F4FDD83F4D1E3 /* Platform.h */ = {isa = PBXFileReference; lastKnownFileType = sourcecode.c.h; name = Platform.h; path = "../../../../Cinder/blocks/Cinder-Gwen/gwen/gwen/include/Gwen/Platform.h"; sourceTree = "<group>"; };
		BD156C1295974E0C8F6684B4 /* Highlight.h */ = {isa = PBXFileReference; lastKnownFileType = sourcecode.c.h; name = Highlight.h; path = "../../../../Cinder/blocks/Cinder-Gwen/gwen/gwen/include/Gwen/Controls/Highlight.h"; sourceTree = "<group>"; };
		BD811F4550204DD48AC9530C /* Splitters.h */ = {isa = PBXFileReference; lastKnownFileType = sourcecode.c.h; name = Splitters.h; path = "../../../../Cinder/blocks/Cinder-Gwen/gwen/gwen/include/Gwen/Controls/Splitters.h"; sourceTree = "<group>"; };
		BD8F7FC7BDE04B6FB8ED4A08 /* ImagePanel.h */ = {isa = PBXFileReference; lastKnownFileType = sourcecode.c.h; name = ImagePanel.h; path = "../../../../Cinder/blocks/Cinder-Gwen/gwen/gwen/include/Gwen/Controls/ImagePanel.h"; sourceTree = "<group>"; };
		C05E0764DCC94C05BF2163D3 /* DockedTabControl.cpp */ = {isa = PBXFileReference; lastKnownFileType = sourcecode.c.cpp; name = DockedTabControl.cpp; path = "../../../../Cinder/blocks/Cinder-Gwen/gwen/gwen/src/Controls/DockedTabControl.cpp"; sourceTree = "<group>"; };
		C1648814E7F24390A6D63A81 /* ToolTip.cpp */ = {isa = PBXFileReference; lastKnownFileType = sourcecode.c.cpp; name = ToolTip.cpp; path = "../../../../Cinder/blocks/Cinder-Gwen/gwen/gwen/src/ToolTip.cpp"; sourceTree = "<group>"; };
		C1C202F7ECC1462F83119379 /* TexturedBase.h */ = {isa = PBXFileReference; lastKnownFileType = sourcecode.c.h; name = TexturedBase.h; path = "../../../../Cinder/blocks/Cinder-Gwen/gwen/gwen/include/Gwen/Skins/TexturedBase.h"; sourceTree = "<group>"; };
		C4229D676A6941059F8936AB /* BaseProperty.h */ = {isa = PBXFileReference; lastKnownFileType = sourcecode.c.h; name = BaseProperty.h; path = "../../../../Cinder/blocks/Cinder-Gwen/gwen/gwen/include/Gwen/Controls/Property/BaseProperty.h"; sourceTree = "<group>"; };
		C52EA1FF1BCA4C3C9D5709AF /* DefaultSkin.png */ = {isa = PBXFileReference; lastKnownFileType = "\"\""; name = DefaultSkin.png; path = "../../../../Cinder/blocks/Cinder-Gwen/assets/DefaultSkin.png"; sourceTree = "<group>"; };
		C6B3883247A3460A926C44C8 /* RadioButtonController.cpp */ = {isa = PBXFileReference; lastKnownFileType = sourcecode.c.cpp; name = RadioButtonController.cpp; path = "../../../../Cinder/blocks/Cinder-Gwen/gwen/gwen/src/Controls/RadioButtonController.cpp"; sourceTree = "<group>"; };
		C92EDB1FA0BF4F6A855D5777 /* Canvas.cpp */ = {isa = PBXFileReference; lastKnownFileType = sourcecode.c.cpp; name = Canvas.cpp; path = "../../../../Cinder/blocks/Cinder-Gwen/gwen/gwen/src/Controls/Canvas.cpp"; sourceTree = "<group>"; };
		CA255E453FD943AABCF8A2CB /* NextQuoteProcessorApp.cpp */ = {isa = PBXFileReference; lastKnownFileType = sourcecode.c.cpp; name = NextQuoteProcessorApp.cpp; path = ../src/NextQuoteProcessorApp.cpp; sourceTree = "<group>"; };
		CAD7F88E2B9C46CB931D1F0A /* GroupBox.h */ = {isa = PBXFileReference; lastKnownFileType = sourcecode.c.h; name = GroupBox.h; path = "../../../../Cinder/blocks/Cinder-Gwen/gwen/gwen/include/Gwen/Controls/GroupBox.h"; sourceTree = "<group>"; };
		CC5D38F191F24E21B17EF5BC /* DockedTabControl.h */ = {isa = PBXFileReference; lastKnownFileType = sourcecode.c.h; name = DockedTabControl.h; path = "../../../../Cinder/blocks/Cinder-Gwen/gwen/gwen/include/Gwen/Controls/DockedTabControl.h"; sourceTree = "<group>"; };
		CD0E7F11D1EF45CAAAD0647F /* ColorControls.h */ = {isa = PBXFileReference; lastKnownFileType = sourcecode.c.h; name = ColorControls.h; path = "../../../../Cinder/blocks/Cinder-Gwen/gwen/gwen/include/Gwen/Controls/ColorControls.h"; sourceTree = "<group>"; };
		CD3C50E818E1DDB5008095FE /* Apercu_Mono.otf */ = {isa = PBXFileReference; lastKnownFileType = file; name = Apercu_Mono.otf; path = ../resources/Apercu_Mono.otf; sourceTree = "<group>"; };
		CD3C50E918E1DDB5008095FE /* transcript_bold.otf */ = {isa = PBXFileReference; lastKnownFileType = file; name = transcript_bold.otf; path = ../resources/transcript_bold.otf; sourceTree = "<group>"; };
		CD3C50EC18E1DED0008095FE /* Cell.h */ = {isa = PBXFileReference; fileEncoding = 4; lastKnownFileType = sourcecode.c.h; name = Cell.h; path = ../include/Cell.h; sourceTree = "<group>"; };
		CD3C50ED18E1DED0008095FE /* Config.h */ = {isa = PBXFileReference; fileEncoding = 4; lastKnownFileType = sourcecode.c.h; name = Config.h; path = ../include/Config.h; sourceTree = "<group>"; };
		CD3C50EE18E1DED0008095FE /* Grid.h */ = {isa = PBXFileReference; fileEncoding = 4; lastKnownFileType = sourcecode.c.h; name = Grid.h; path = ../include/Grid.h; sourceTree = "<group>"; };
		CD3C50EF18E1DED0008095FE /* LayoutArea.h */ = {isa = PBXFileReference; fileEncoding = 4; lastKnownFileType = sourcecode.c.h; name = LayoutArea.h; path = ../include/LayoutArea.h; sourceTree = "<group>"; };
		CD3C50F018E1DED0008095FE /* Quote.h */ = {isa = PBXFileReference; fileEncoding = 4; lastKnownFileType = sourcecode.c.h; name = Quote.h; path = ../include/Quote.h; sourceTree = "<group>"; };
		CD3C50F118E1DED0008095FE /* QuoteTypesetter.h */ = {isa = PBXFileReference; fileEncoding = 4; lastKnownFileType = sourcecode.c.h; name = QuoteTypesetter.h; path = ../include/QuoteTypesetter.h; sourceTree = "<group>"; };
		CD3C50F218E1DED0008095FE /* Utils.h */ = {isa = PBXFileReference; fileEncoding = 4; lastKnownFileType = sourcecode.c.h; name = Utils.h; path = ../include/Utils.h; sourceTree = "<group>"; };
		CD3C50F518E1E324008095FE /* Interface.h */ = {isa = PBXFileReference; fileEncoding = 4; lastKnownFileType = sourcecode.c.h; name = Interface.h; path = ../include/Interface.h; sourceTree = "<group>"; };
		CD3C50F618E1E337008095FE /* Properties.h */ = {isa = PBXFileReference; fileEncoding = 4; lastKnownFileType = sourcecode.c.h; name = Properties.h; path = ../include/Properties.h; sourceTree = "<group>"; };
		CD66E9CC18E218DE003DC6BC /* WindowPreviewIso.h */ = {isa = PBXFileReference; fileEncoding = 4; lastKnownFileType = sourcecode.c.h; name = WindowPreviewIso.h; path = ../include/WindowPreviewIso.h; sourceTree = "<group>"; };
		CD66E9CD18E225AF003DC6BC /* WindowPreviewTex.h */ = {isa = PBXFileReference; fileEncoding = 4; lastKnownFileType = sourcecode.c.h; name = WindowPreviewTex.h; path = ../include/WindowPreviewTex.h; sourceTree = "<group>"; };
		CD8CA2A7E8A54A46827E6F14 /* UserData.h */ = {isa = PBXFileReference; lastKnownFileType = sourcecode.c.h; name = UserData.h; path = "../../../../Cinder/blocks/Cinder-Gwen/gwen/gwen/include/Gwen/UserData.h"; sourceTree = "<group>"; };
		CF549A38D454469789C0E59D /* ScrollBar.h */ = {isa = PBXFileReference; lastKnownFileType = sourcecode.c.h; name = ScrollBar.h; path = "../../../../Cinder/blocks/Cinder-Gwen/gwen/gwen/include/Gwen/Controls/ScrollBar.h"; sourceTree = "<group>"; };
		CFA1BE56FB5844C5A6D4E4F3 /* BaseRender.h */ = {isa = PBXFileReference; lastKnownFileType = sourcecode.c.h; name = BaseRender.h; path = "../../../../Cinder/blocks/Cinder-Gwen/gwen/gwen/include/Gwen/BaseRender.h"; sourceTree = "<group>"; };
		D028138B10E842B594183734 /* Gwen.h */ = {isa = PBXFileReference; lastKnownFileType = sourcecode.c.h; name = Gwen.h; path = "../../../../Cinder/blocks/Cinder-Gwen/gwen/gwen/include/Gwen/Gwen.h"; sourceTree = "<group>"; };
		D098C4DDB28B4E3FB32A1ECA /* Resizer.h */ = {isa = PBXFileReference; lastKnownFileType = sourcecode.c.h; name = Resizer.h; path = "../../../../Cinder/blocks/Cinder-Gwen/gwen/gwen/include/Gwen/Controls/Resizer.h"; sourceTree = "<group>"; };
		D103F91EBF7646A69266D7ED /* Slider.cpp */ = {isa = PBXFileReference; lastKnownFileType = sourcecode.c.cpp; name = Slider.cpp; path = "../../../../Cinder/blocks/Cinder-Gwen/gwen/gwen/src/Controls/Slider.cpp"; sourceTree = "<group>"; };
		D2BA7FD39BE14D88B0C3EF0A /* ResizableControl.cpp */ = {isa = PBXFileReference; lastKnownFileType = sourcecode.c.cpp; name = ResizableControl.cpp; path = "../../../../Cinder/blocks/Cinder-Gwen/gwen/gwen/src/Controls/ResizableControl.cpp"; sourceTree = "<group>"; };
		D35F2B1B376848518D48A321 /* Dragger.cpp */ = {isa = PBXFileReference; lastKnownFileType = sourcecode.c.cpp; name = Dragger.cpp; path = "../../../../Cinder/blocks/Cinder-Gwen/gwen/gwen/src/Controls/Dragger.cpp"; sourceTree = "<group>"; };
		D5B80830B45A441E9DE7AAE6 /* FileSave.cpp */ = {isa = PBXFileReference; lastKnownFileType = sourcecode.c.cpp; name = FileSave.cpp; path = "../../../../Cinder/blocks/Cinder-Gwen/gwen/gwen/src/Controls/Dialog/FileSave.cpp"; sourceTree = "<group>"; };
		D6580D6690244448934D564D /* NumericUpDown.cpp */ = {isa = PBXFileReference; lastKnownFileType = sourcecode.c.cpp; name = NumericUpDown.cpp; path = "../../../../Cinder/blocks/Cinder-Gwen/gwen/gwen/src/Controls/NumericUpDown.cpp"; sourceTree = "<group>"; };
		D89DBCF881084965936EE1D6 /* CheckBox.cpp */ = {isa = PBXFileReference; lastKnownFileType = sourcecode.c.cpp; name = CheckBox.cpp; path = "../../../../Cinder/blocks/Cinder-Gwen/gwen/gwen/src/Controls/CheckBox.cpp"; sourceTree = "<group>"; };
		DFA006A511AF46ACA39A559B /* Texture.h */ = {isa = PBXFileReference; lastKnownFileType = sourcecode.c.h; name = Texture.h; path = "../../../../Cinder/blocks/Cinder-Gwen/gwen/gwen/include/Gwen/Texture.h"; sourceTree = "<group>"; };
		E2EF4C7C8ED040F6811FB3FA /* ScrollBarButton.h */ = {isa = PBXFileReference; lastKnownFileType = sourcecode.c.h; name = ScrollBarButton.h; path = "../../../../Cinder/blocks/Cinder-Gwen/gwen/gwen/include/Gwen/Controls/ScrollBarButton.h"; sourceTree = "<group>"; };
		E4D71807C05F418897DEA97B /* File.h */ = {isa = PBXFileReference; lastKnownFileType = sourcecode.c.h; name = File.h; path = "../../../../Cinder/blocks/Cinder-Gwen/gwen/gwen/include/Gwen/Controls/Property/File.h"; sourceTree = "<group>"; };
		E50920EE313D41D29B765CA9 /* HorizontalSlider.cpp */ = {isa = PBXFileReference; lastKnownFileType = sourcecode.c.cpp; name = HorizontalSlider.cpp; path = "../../../../Cinder/blocks/Cinder-Gwen/gwen/gwen/src/Controls/HorizontalSlider.cpp"; sourceTree = "<group>"; };
		EC92168EB50142F5B7230BDF /* Anim.cpp */ = {isa = PBXFileReference; lastKnownFileType = sourcecode.c.cpp; name = Anim.cpp; path = "../../../../Cinder/blocks/Cinder-Gwen/gwen/gwen/src/Anim.cpp"; sourceTree = "<group>"; };
		F002EB457B0A4816A2E40D37 /* HorizontalScrollBar.h */ = {isa = PBXFileReference; lastKnownFileType = sourcecode.c.h; name = HorizontalScrollBar.h; path = "../../../../Cinder/blocks/Cinder-Gwen/gwen/gwen/include/Gwen/Controls/HorizontalScrollBar.h"; sourceTree = "<group>"; };
		F13BA911A3CF41AF88CE4765 /* ListBox.cpp */ = {isa = PBXFileReference; lastKnownFileType = sourcecode.c.cpp; name = ListBox.cpp; path = "../../../../Cinder/blocks/Cinder-Gwen/gwen/gwen/src/Controls/ListBox.cpp"; sourceTree = "<group>"; };
		F2156BE956AB4A63BD404ACD /* FolderPicker.h */ = {isa = PBXFileReference; lastKnownFileType = sourcecode.c.h; name = FolderPicker.h; path = "../../../../Cinder/blocks/Cinder-Gwen/gwen/gwen/include/Gwen/Controls/FolderPicker.h"; sourceTree = "<group>"; };
		F31C64F8497D45598317215B /* ControlList.cpp */ = {isa = PBXFileReference; lastKnownFileType = sourcecode.c.cpp; name = ControlList.cpp; path = "../../../../Cinder/blocks/Cinder-Gwen/gwen/gwen/src/ControlList.cpp"; sourceTree = "<group>"; };
		F3AA76B453924501A9FD27E5 /* RadioButton.h */ = {isa = PBXFileReference; lastKnownFileType = sourcecode.c.h; name = RadioButton.h; path = "../../../../Cinder/blocks/Cinder-Gwen/gwen/gwen/include/Gwen/Controls/RadioButton.h"; sourceTree = "<group>"; };
		F3CFE8329D82485DB65FFABF /* ToolBar.h */ = {isa = PBXFileReference; lastKnownFileType = sourcecode.c.h; name = ToolBar.h; path = "../../../../Cinder/blocks/Cinder-Gwen/gwen/gwen/include/Gwen/Controls/ToolBar.h"; sourceTree = "<group>"; };
		F5BB9357F388446591DB5013 /* ImportExport.h */ = {isa = PBXFileReference; lastKnownFileType = sourcecode.c.h; name = ImportExport.h; path = "../../../../Cinder/blocks/Cinder-Gwen/gwen/gwen/include/Gwen/Util/ImportExport.h"; sourceTree = "<group>"; };
		F63E6EB639254153BD111126 /* CinderApp.icns */ = {isa = PBXFileReference; lastKnownFileType = image.icns; name = CinderApp.icns; path = ../resources/CinderApp.icns; sourceTree = "<group>"; };
		F9976B8DE4CC445AB071BCF0 /* ComboBox.h */ = {isa = PBXFileReference; lastKnownFileType = sourcecode.c.h; name = ComboBox.h; path = "../../../../Cinder/blocks/Cinder-Gwen/gwen/gwen/include/Gwen/Controls/Property/ComboBox.h"; sourceTree = "<group>"; };
		FC1B5BA14A4145299C9EF703 /* ColorControls.cpp */ = {isa = PBXFileReference; lastKnownFileType = sourcecode.c.cpp; name = ColorControls.cpp; path = "../../../../Cinder/blocks/Cinder-Gwen/gwen/gwen/src/Controls/ColorControls.cpp"; sourceTree = "<group>"; };
		FF61DDCD9F7341B592140404 /* LabelClickable.cpp */ = {isa = PBXFileReference; lastKnownFileType = sourcecode.c.cpp; name = LabelClickable.cpp; path = "../../../../Cinder/blocks/Cinder-Gwen/gwen/gwen/src/Controls/LabelClickable.cpp"; sourceTree = "<group>"; };
		FFDD5D97228A4AB783EFE9DB /* Canvas.h */ = {isa = PBXFileReference; lastKnownFileType = sourcecode.c.h; name = Canvas.h; path = "../../../../Cinder/blocks/Cinder-Gwen/gwen/gwen/include/Gwen/Controls/Canvas.h"; sourceTree = "<group>"; };
/* End PBXFileReference section */

/* Begin PBXFrameworksBuildPhase section */
		8D11072E0486CEB800E47090 /* Frameworks */ = {
			isa = PBXFrameworksBuildPhase;
			buildActionMask = 2147483647;
			files = (
				8D11072F0486CEB800E47090 /* Cocoa.framework in Frameworks */,
				0091D8F90E81B9330029341E /* OpenGL.framework in Frameworks */,
				5323E6B20EAFCA74003A9687 /* CoreVideo.framework in Frameworks */,
				5323E6B60EAFCA7E003A9687 /* QTKit.framework in Frameworks */,
				00B784B30FF439BC000DE1D7 /* Accelerate.framework in Frameworks */,
				00B784B40FF439BC000DE1D7 /* AudioToolbox.framework in Frameworks */,
				00B784B50FF439BC000DE1D7 /* AudioUnit.framework in Frameworks */,
				00B784B60FF439BC000DE1D7 /* CoreAudio.framework in Frameworks */,
			);
			runOnlyForDeploymentPostprocessing = 0;
		};
/* End PBXFrameworksBuildPhase section */

/* Begin PBXGroup section */
		01B97315FEAEA392516A2CEA /* Blocks */ = {
			isa = PBXGroup;
			children = (
				185720BC1444416EA83641C7 /* Gwen */,
			);
			name = Blocks;
			sourceTree = "<group>";
		};
		079BB2FC55AB433095E01E1C /* gwen */ = {
			isa = PBXGroup;
			children = (
				495C4BA431EB4281B4821CA5 /* gwen */,
			);
			name = gwen;
			sourceTree = "<group>";
		};
		080E96DDFE201D6D7F000001 /* Source */ = {
			isa = PBXGroup;
			children = (
				CA255E453FD943AABCF8A2CB /* NextQuoteProcessorApp.cpp */,
			);
			name = Source;
			sourceTree = "<group>";
		};
		1058C7A0FEA54F0111CA2CBB /* Linked Frameworks */ = {
			isa = PBXGroup;
			children = (
				00B784AF0FF439BC000DE1D7 /* Accelerate.framework */,
				00B784B00FF439BC000DE1D7 /* AudioToolbox.framework */,
				00B784B10FF439BC000DE1D7 /* AudioUnit.framework */,
				00B784B20FF439BC000DE1D7 /* CoreAudio.framework */,
				5323E6B50EAFCA7E003A9687 /* QTKit.framework */,
				5323E6B10EAFCA74003A9687 /* CoreVideo.framework */,
				0091D8F80E81B9330029341E /* OpenGL.framework */,
				1058C7A1FEA54F0111CA2CBB /* Cocoa.framework */,
			);
			name = "Linked Frameworks";
			sourceTree = "<group>";
		};
		1058C7A2FEA54F0111CA2CBB /* Other Frameworks */ = {
			isa = PBXGroup;
			children = (
				29B97324FDCFA39411CA2CEA /* AppKit.framework */,
				29B97325FDCFA39411CA2CEA /* Foundation.framework */,
			);
			name = "Other Frameworks";
			sourceTree = "<group>";
		};
		185720BC1444416EA83641C7 /* Gwen */ = {
			isa = PBXGroup;
			children = (
				735F874565DD4E9A808AD231 /* src */,
				079BB2FC55AB433095E01E1C /* gwen */,
				5C9BBCF6397F43E585D19791 /* assets */,
			);
			name = Gwen;
			sourceTree = "<group>";
		};
		19C28FACFE9D520D11CA2CBB /* Products */ = {
			isa = PBXGroup;
			children = (
				8D1107320486CEB800E47090 /* NextQuoteProcessor.app */,
			);
			name = Products;
			sourceTree = "<group>";
		};
		22CE5808A248447F919D3B9B /* include */ = {
			isa = PBXGroup;
			children = (
				6373560D65284EBA806BAE77 /* Gwen */,
			);
			name = include;
			sourceTree = "<group>";
		};
		29B97314FDCFA39411CA2CEA /* NextQuoteProcessor */ = {
			isa = PBXGroup;
			children = (
				01B97315FEAEA392516A2CEA /* Blocks */,
				29B97315FDCFA39411CA2CEA /* Headers */,
				080E96DDFE201D6D7F000001 /* Source */,
				29B97317FDCFA39411CA2CEA /* Resources */,
				29B97323FDCFA39411CA2CEA /* Frameworks */,
				19C28FACFE9D520D11CA2CBB /* Products */,
			);
			name = NextQuoteProcessor;
			sourceTree = "<group>";
		};
		29B97315FDCFA39411CA2CEA /* Headers */ = {
			isa = PBXGroup;
			children = (
				CD3C50ED18E1DED0008095FE /* Config.h */,
				CD3C50F418E1E22F008095FE /* Controls */,
				CD3C50F318E1DEE5008095FE /* Layout */,
				BA304659EAFD4EE4BDA4E8F7 /* Resources.h */,
				9F773E320B4542BD8B3140E1 /* NextQuoteProcessor_Prefix.pch */,
			);
			name = Headers;
			sourceTree = "<group>";
		};
		29B97317FDCFA39411CA2CEA /* Resources */ = {
			isa = PBXGroup;
			children = (
				CD3C50E818E1DDB5008095FE /* Apercu_Mono.otf */,
				CD3C50E918E1DDB5008095FE /* transcript_bold.otf */,
				F63E6EB639254153BD111126 /* CinderApp.icns */,
				0936810046CE41AC90F90B4D /* Info.plist */,
			);
			name = Resources;
			sourceTree = "<group>";
		};
		29B97323FDCFA39411CA2CEA /* Frameworks */ = {
			isa = PBXGroup;
			children = (
				1058C7A0FEA54F0111CA2CBB /* Linked Frameworks */,
				1058C7A2FEA54F0111CA2CBB /* Other Frameworks */,
			);
			name = Frameworks;
			sourceTree = "<group>";
		};
		2FF5A38EA3C0478C8094592C /* cigwen */ = {
			isa = PBXGroup;
			children = (
				486B425899714A4BA08AEB40 /* CinderGwen.h */,
				21B0C1356D0B494089B87DDC /* GwenInput.h */,
				36A4AC1A59414FFCB44DE1F8 /* GwenRendererGl.h */,
				A5CD061D2CE44DB48D151923 /* GwenRendererGl.cpp */,
				54B3B7C162384341A4940567 /* GwenInput.cpp */,
				9A9C367710B5422292F3E49A /* CinderGwen.cpp */,
			);
			name = cigwen;
			sourceTree = "<group>";
		};
		47F4920042EE47FABB7327C1 /* Dialog */ = {
			isa = PBXGroup;
			children = (
				29E3633191F04D85BBB40AE7 /* FileOpen.cpp */,
				D5B80830B45A441E9DE7AAE6 /* FileSave.cpp */,
				17C6038AB0304ECAB3007902 /* FolderOpen.cpp */,
				7D3D69D8CB854BF5BB00B157 /* Query.cpp */,
			);
			name = Dialog;
			sourceTree = "<group>";
		};
		495C4BA431EB4281B4821CA5 /* gwen */ = {
			isa = PBXGroup;
			children = (
				22CE5808A248447F919D3B9B /* include */,
				8B1D069285D543F09684400C /* src */,
			);
			name = gwen;
			sourceTree = "<group>";
		};
		5C9BBCF6397F43E585D19791 /* assets */ = {
			isa = PBXGroup;
			children = (
				C52EA1FF1BCA4C3C9D5709AF /* DefaultSkin.png */,
			);
			name = assets;
			sourceTree = "<group>";
		};
		6373560D65284EBA806BAE77 /* Gwen */ = {
			isa = PBXGroup;
			children = (
				18259FB6CE7145A2A0E7BE46 /* Align.h */,
				1B38D36271CA4DF2A18A3D03 /* Anim.h */,
				CFA1BE56FB5844C5A6D4E4F3 /* BaseRender.h */,
				B39EB65007964C9ABB32751F /* Config.h */,
				7882F9FEF64F4E9BA6C3DE45 /* ControlList.h */,
				0392FAF8C5324DB6A3FBCAC5 /* Controls.h */,
				A551CEF23B4945F797C51102 /* DragAndDrop.h */,
				29297189C4A64AECBA19799D /* Events.h */,
				97066770684A47228B914583 /* Exports.h */,
				00DF05AFB4C446E7A79F05B5 /* Font.h */,
				D028138B10E842B594183734 /* Gwen.h */,
				0BE8476B4E4D4CAAA2C16CB8 /* Hook.h */,
				977BBD4EA6204CEA864487DC /* InputHandler.h */,
				342E21A0A9E34EA5B91B26FC /* Macros.h */,
				BC2BFBE2158F4FDD83F4D1E3 /* Platform.h */,
				43ADBA4F2DD54E44A325CCE2 /* Skin.h */,
				B9C04240B880421B9DF9F59E /* Structures.h */,
				883D84319C1C467A9C740DF6 /* TextObject.h */,
				DFA006A511AF46ACA39A559B /* Texture.h */,
				22F6C441669E403089C909DA /* ToolTip.h */,
				CD8CA2A7E8A54A46827E6F14 /* UserData.h */,
				90DD9AF325D041EE94F2866C /* Utility.h */,
				04E3D8D089CD4C21950912C9 /* WindowProvider.h */,
				638E70C68DEA4545B1993600 /* Controls */,
				F9482A2D1DDD4FD185DD6088 /* Skins */,
				D7CE3C6BB50C47E4A1F59F59 /* Util */,
			);
			name = Gwen;
			sourceTree = "<group>";
		};
		638E70C68DEA4545B1993600 /* Controls */ = {
			isa = PBXGroup;
			children = (
				953230E03042437B98325DC6 /* Base.h */,
				5A804A08D9654C07A3C42D23 /* Button.h */,
				FFDD5D97228A4AB783EFE9DB /* Canvas.h */,
				B11FFDBA83584D3794FAC3B5 /* CheckBox.h */,
				AD13C638F1D4475CB5F6355A /* CollapsibleCategory.h */,
				26986B764B0F4E3383264209 /* CollapsibleList.h */,
				CD0E7F11D1EF45CAAAD0647F /* ColorControls.h */,
				65AA2890F3274BDCB3D46288 /* ColorPicker.h */,
				090754A56FDA44BF917E2D8F /* ComboBox.h */,
				0884A4B49EB54D7B8FD7D5E0 /* CrossSplitter.h */,
				B399F36549D141B2B7D3F087 /* DockBase.h */,
				CC5D38F191F24E21B17EF5BC /* DockedTabControl.h */,
				9D9E32866E6F48D089F3E421 /* Dragger.h */,
				305EA1E6510643E1939A48FD /* FieldLabel.h */,
				4CDCE056641642D1A56095F1 /* FilePicker.h */,
				F2156BE956AB4A63BD404ACD /* FolderPicker.h */,
				CAD7F88E2B9C46CB931D1F0A /* GroupBox.h */,
				BD156C1295974E0C8F6684B4 /* Highlight.h */,
				F002EB457B0A4816A2E40D37 /* HorizontalScrollBar.h */,
				049AFD78D016460E94987BAC /* HorizontalSlider.h */,
				70E201DDB3CF4B52A5F4D81F /* HSVColorPicker.h */,
				BD8F7FC7BDE04B6FB8ED4A08 /* ImagePanel.h */,
				7CB6741BB61745B8A7904A38 /* Label.h */,
				5E9634A152C2496A8C87AE4F /* LabelClickable.h */,
				026655F8B4124C4091CA02B8 /* ListBox.h */,
				124BD3F899764C5E9D5146A4 /* Menu.h */,
				3A9486C2D9854BFCA4D7D87D /* MenuItem.h */,
				0C79BED98ABE4C39866D30AD /* MenuStrip.h */,
				965B44E7E5394674A8206232 /* Modal.h */,
				4BF9E81C83BA4F6889F787D6 /* NumericUpDown.h */,
				9294E29D39D143EFA4E9ED02 /* PageControl.h */,
				4BF22D9E22AA417C9A9F5361 /* ProgressBar.h */,
				1A8244D0DD7E410BA04A68CC /* Properties.h */,
				3934C5294C8C4B7A922531EE /* PropertyTree.h */,
				F3AA76B453924501A9FD27E5 /* RadioButton.h */,
				50BA7E85174C47319D834FF4 /* RadioButtonController.h */,
				5A42DBBC14D14DBCA9D2703C /* Rectangle.h */,
				43CB3E35E7C54F4A9A5130EE /* ResizableControl.h */,
				D098C4DDB28B4E3FB32A1ECA /* Resizer.h */,
				5758AD34879540CA8997B3BB /* RichLabel.h */,
				CF549A38D454469789C0E59D /* ScrollBar.h */,
				4236D87883F04850943ACF22 /* ScrollBarBar.h */,
				E2EF4C7C8ED040F6811FB3FA /* ScrollBarButton.h */,
				7025694B091F4DEBB3D78E3D /* ScrollControl.h */,
				B8C81321E98B46358A154987 /* Slider.h */,
				0E209A05E88548C88E58074E /* SplitterBar.h */,
				BD811F4550204DD48AC9530C /* Splitters.h */,
				9C05CEB5673B4879B3947785 /* StatusBar.h */,
				4B07D88F73F34E9C98C07569 /* TabButton.h */,
				AFAC19F931A14BCBACBEADDD /* TabControl.h */,
				7E28743BD5AA482A868A1141 /* TabStrip.h */,
				644C53BDFBF44B45BA3D1DE6 /* TabTitleBar.h */,
				B112ECAF7A1D420F8EDF6B77 /* Text.h */,
				7451198B657B4CCCAF9620AE /* TextBox.h */,
				F3CFE8329D82485DB65FFABF /* ToolBar.h */,
				78FB1BA73D444CC89792C6F9 /* TreeControl.h */,
				7D1CE03D042F43939E1D36D6 /* TreeNode.h */,
				948D272FACEC4C6A9843C45D /* VerticalScrollBar.h */,
				1E531E7F5E054A5D99ADD08E /* VerticalSlider.h */,
				4B353B03F7C1416286333969 /* WindowButtons.h */,
				94755B4DE404413586361AC8 /* WindowCanvas.h */,
				8639072ED7DF41B6A165B69D /* WindowControl.h */,
				D76AD9E159B14465AC527E67 /* Dialogs */,
				D99518145C34436793494AC0 /* Layout */,
				FA54CD4B022A4D8B94420939 /* Property */,
			);
			name = Controls;
			sourceTree = "<group>";
		};
		735F874565DD4E9A808AD231 /* src */ = {
			isa = PBXGroup;
			children = (
				2FF5A38EA3C0478C8094592C /* cigwen */,
			);
			name = src;
			sourceTree = "<group>";
		};
		7CBFC70340FC47158DB9F683 /* Controls */ = {
			isa = PBXGroup;
			children = (
				072A69A88CD0479D8F678715 /* Base.cpp */,
				620489B7A41A44A78B6EAC2B /* Button.cpp */,
				C92EDB1FA0BF4F6A855D5777 /* Canvas.cpp */,
				D89DBCF881084965936EE1D6 /* CheckBox.cpp */,
				7D571ED8340A46A2944B6E8F /* CollapsibleCategory.cpp */,
				FC1B5BA14A4145299C9EF703 /* ColorControls.cpp */,
				2ACD13E3FCB641FEAAEE0135 /* ColorPicker.cpp */,
				089EB1A74FA349C895A82D77 /* ComboBox.cpp */,
				55327DDEF5AC4CDFB7DE96C0 /* CrossSplitter.cpp */,
				8B6B56C28E784BCFA6746698 /* DockBase.cpp */,
				C05E0764DCC94C05BF2163D3 /* DockedTabControl.cpp */,
				D35F2B1B376848518D48A321 /* Dragger.cpp */,
				510AC69421354E6F8A01351B /* GroupBox.cpp */,
				67ADB749F8514078BC923FA9 /* HorizontalScrollBar.cpp */,
				E50920EE313D41D29B765CA9 /* HorizontalSlider.cpp */,
				B216184FE58042688A2C18B1 /* HSVColorPicker.cpp */,
				54CCB941B9E74861B4578CE8 /* ImagePanel.cpp */,
				4500715A342F417C99EA6AB0 /* Label.cpp */,
				FF61DDCD9F7341B592140404 /* LabelClickable.cpp */,
				F13BA911A3CF41AF88CE4765 /* ListBox.cpp */,
				42CF2C9979DB48548BDC97EA /* Menu.cpp */,
				3C683280D4A14205B3D72ED3 /* MenuItem.cpp */,
				93A9EAAEA6C54C8FAFA2E2F3 /* MenuStrip.cpp */,
				D6580D6690244448934D564D /* NumericUpDown.cpp */,
				36929AD179B94D50A7AD7C23 /* PageControl.cpp */,
				31397BCAA6BE4212A40F013B /* ProgressBar.cpp */,
				40A20D5E6CED46E78972AA1D /* Properties.cpp */,
				A53A8F1B409D4F2DAD9262EF /* PropertyTree.cpp */,
				5AFBDED52E1048E7B93D237E /* RadioButton.cpp */,
				C6B3883247A3460A926C44C8 /* RadioButtonController.cpp */,
				4F0F32FEE1674BDBAD925903 /* Rectangle.cpp */,
				D2BA7FD39BE14D88B0C3EF0A /* ResizableControl.cpp */,
				A429ABADD0484E298586019D /* Resizer.cpp */,
				539AB9AB57A949A1AC6A1CFC /* RichLabel.cpp */,
				63BFA4E8AA2340A1B90EAD2C /* ScrollBar.cpp */,
				3137B54226F945F2A586FCA0 /* ScrollBarBar.cpp */,
				336D3797EF3E417883D3BC08 /* ScrollBarButton.cpp */,
				6017CC6A71654E7F83D6D036 /* ScrollControl.cpp */,
				D103F91EBF7646A69266D7ED /* Slider.cpp */,
				53FDCC8313A04ADAA565A58D /* SplitterBar.cpp */,
				80F2D1B5632B4DD684FC509F /* TabButton.cpp */,
				08B613C599F549FB9F1C6EF2 /* TabControl.cpp */,
				34D6C9AA66B64245951935DD /* TabStrip.cpp */,
				ABB49419FD4D49A6BE8D9FB1 /* Text.cpp */,
				36DC51AE0E984F8CA218BB66 /* TextBox.cpp */,
				86B8E98431754B4EBD4321FC /* TextBoxNumeric.cpp */,
				785AD8822F9548ACB3541D0C /* TreeControl.cpp */,
				0FE215A2D26E4390937DE7C4 /* TreeNode.cpp */,
				A4C61E1BF1214E8A97145982 /* VerticalScrollBar.cpp */,
				5C28803D50D54F46B0186BAF /* VerticalSlider.cpp */,
				4A0AFFA41F3F4B9B9F920385 /* WindowCanvas.cpp */,
				0BBD1C9245AF49EE8166616C /* WindowControl.cpp */,
				47F4920042EE47FABB7327C1 /* Dialog */,
			);
			name = Controls;
			sourceTree = "<group>";
		};
		8B1D069285D543F09684400C /* src */ = {
			isa = PBXGroup;
			children = (
				EC92168EB50142F5B7230BDF /* Anim.cpp */,
				7884D89015A945BCA5349FF8 /* BaseRender.cpp */,
				F31C64F8497D45598317215B /* ControlList.cpp */,
				A2443F93EEBF4DCC9619FC5F /* DragAndDrop.cpp */,
				963096126C8F44109CDD5505 /* events.cpp */,
				84810316C02247EBB876448B /* Gwen.cpp */,
				6A4C8E96CA2B4F058556C155 /* Hook.cpp */,
				A2E3080C22884F99AE0990D0 /* inputhandler.cpp */,
				5E5609876EC141FFA54ACEC0 /* Skin.cpp */,
				C1648814E7F24390A6D63A81 /* ToolTip.cpp */,
				413CFBAAC98B463D927963C5 /* Utility.cpp */,
				7CBFC70340FC47158DB9F683 /* Controls */,
			);
			name = src;
			sourceTree = "<group>";
		};
		CD3C50F318E1DEE5008095FE /* Layout */ = {
			isa = PBXGroup;
			children = (
				CD3C50F218E1DED0008095FE /* Utils.h */,
				CD3C50EC18E1DED0008095FE /* Cell.h */,
				CD3C50EE18E1DED0008095FE /* Grid.h */,
				CD3C50EF18E1DED0008095FE /* LayoutArea.h */,
				CD3C50F018E1DED0008095FE /* Quote.h */,
				CD3C50F118E1DED0008095FE /* QuoteTypesetter.h */,
			);
			name = Layout;
			sourceTree = "<group>";
		};
		CD3C50F418E1E22F008095FE /* Controls */ = {
			isa = PBXGroup;
			children = (
				CD3C50F518E1E324008095FE /* Interface.h */,
				CD3C50F618E1E337008095FE /* Properties.h */,
				CD66E9CC18E218DE003DC6BC /* WindowPreviewIso.h */,
				CD66E9CD18E225AF003DC6BC /* WindowPreviewTex.h */,
			);
			name = Controls;
			sourceTree = "<group>";
		};
		D76AD9E159B14465AC527E67 /* Dialogs */ = {
			isa = PBXGroup;
			children = (
				4E526E71D1C04F178BD9C507 /* FileOpen.h */,
				3D582E0D46894D73A8C376D5 /* FileSave.h */,
				7EF7656A6B554A86B0E71DFE /* FolderOpen.h */,
				5D11B17AC63644CCA39385D7 /* Query.h */,
			);
			name = Dialogs;
			sourceTree = "<group>";
		};
		D7CE3C6BB50C47E4A1F59F59 /* Util */ = {
			isa = PBXGroup;
			children = (
				5D7F81D302194962B9652443 /* ControlFactory.h */,
				F5BB9357F388446591DB5013 /* ImportExport.h */,
			);
			name = Util;
			sourceTree = "<group>";
		};
		D99518145C34436793494AC0 /* Layout */ = {
			isa = PBXGroup;
			children = (
				5F0CE0328D7F424BBD531B84 /* Position.h */,
				0BA8F1E4ED4D4265BDFE507E /* Table.h */,
				041BEE324A4C4E108EAACB9A /* Tile.h */,
			);
			name = Layout;
			sourceTree = "<group>";
		};
		F9482A2D1DDD4FD185DD6088 /* Skins */ = {
			isa = PBXGroup;
			children = (
				87BA58E55CCC4B2C9158A798 /* Dark.h */,
				41A3AE1AB95D400397CDB517 /* Simple.h */,
				C1C202F7ECC1462F83119379 /* TexturedBase.h */,
				0A8537D0B320493199ACDD99 /* Texturing.h */,
			);
			name = Skins;
			sourceTree = "<group>";
		};
		FA54CD4B022A4D8B94420939 /* Property */ = {
			isa = PBXGroup;
			children = (
				C4229D676A6941059F8936AB /* BaseProperty.h */,
				1875EF6FCD634BCDADAB5F30 /* Checkbox.h */,
				30FCFD3B5A4E4112AE6BAD85 /* ColorSelector.h */,
				F9976B8DE4CC445AB071BCF0 /* ComboBox.h */,
				E4D71807C05F418897DEA97B /* File.h */,
				32DAE113BEC84886966D5CC8 /* Folder.h */,
				4C383DF6AE4F45E19FE7D16B /* Text.h */,
			);
			name = Property;
			sourceTree = "<group>";
		};
/* End PBXGroup section */

/* Begin PBXNativeTarget section */
		8D1107260486CEB800E47090 /* NextQuoteProcessor */ = {
			isa = PBXNativeTarget;
			buildConfigurationList = C01FCF4A08A954540054247B /* Build configuration list for PBXNativeTarget "NextQuoteProcessor" */;
			buildPhases = (
				8D1107290486CEB800E47090 /* Resources */,
				8D11072C0486CEB800E47090 /* Sources */,
				8D11072E0486CEB800E47090 /* Frameworks */,
			);
			buildRules = (
			);
			dependencies = (
			);
			name = NextQuoteProcessor;
			productInstallPath = "$(HOME)/Applications";
			productName = NextQuoteProcessor;
			productReference = 8D1107320486CEB800E47090 /* NextQuoteProcessor.app */;
			productType = "com.apple.product-type.application";
		};
/* End PBXNativeTarget section */

/* Begin PBXProject section */
		29B97313FDCFA39411CA2CEA /* Project object */ = {
			isa = PBXProject;
			attributes = {
			};
			buildConfigurationList = C01FCF4E08A954540054247B /* Build configuration list for PBXProject "NextQuoteProcessor" */;
			compatibilityVersion = "Xcode 3.2";
			developmentRegion = English;
			hasScannedForEncodings = 1;
			knownRegions = (
				English,
				Japanese,
				French,
				German,
			);
			mainGroup = 29B97314FDCFA39411CA2CEA /* NextQuoteProcessor */;
			projectDirPath = "";
			projectRoot = "";
			targets = (
				8D1107260486CEB800E47090 /* NextQuoteProcessor */,
			);
		};
/* End PBXProject section */

/* Begin PBXResourcesBuildPhase section */
		8D1107290486CEB800E47090 /* Resources */ = {
			isa = PBXResourcesBuildPhase;
			buildActionMask = 2147483647;
			files = (
				CD3C50EB18E1DDB5008095FE /* transcript_bold.otf in Resources */,
				DFA00195BF084F8EB5AF1159 /* CinderApp.icns in Resources */,
				7A4718F0E34949888AD45934 /* DefaultSkin.png in Resources */,
				CD3C50EA18E1DDB5008095FE /* Apercu_Mono.otf in Resources */,
			);
			runOnlyForDeploymentPostprocessing = 0;
		};
/* End PBXResourcesBuildPhase section */

/* Begin PBXSourcesBuildPhase section */
		8D11072C0486CEB800E47090 /* Sources */ = {
			isa = PBXSourcesBuildPhase;
			buildActionMask = 2147483647;
			files = (
				05BEDE10C2DE4002A2226F27 /* NextQuoteProcessorApp.cpp in Sources */,
				DB0DB17F03F140E9B02E24E9 /* GwenRendererGl.cpp in Sources */,
				B32AA35B7BEB485991DA95CB /* GwenInput.cpp in Sources */,
				EBF7CBFD0EED4904B2669CEB /* CinderGwen.cpp in Sources */,
				C8D0E9C3A1AC48A7B6D9BD50 /* Anim.cpp in Sources */,
				90F72D42DF22495F96046A2F /* BaseRender.cpp in Sources */,
				158FDF86DE114F8F899B5158 /* ControlList.cpp in Sources */,
				BBA30285D74E4954A81D1BBF /* DragAndDrop.cpp in Sources */,
				20DABA943ACE468F901D1E91 /* events.cpp in Sources */,
				3A3DEFFD51D74B229624889B /* Gwen.cpp in Sources */,
				5ABA8C0A845A4EEF9155257C /* Hook.cpp in Sources */,
				D547E8C9583F4C47A9570D2D /* inputhandler.cpp in Sources */,
				FE002A9563AF4D798F0F11A4 /* Skin.cpp in Sources */,
				2D04FCF702E642608ED35E13 /* ToolTip.cpp in Sources */,
				06829603B7924EC18D70C30A /* Utility.cpp in Sources */,
				7AFF410A335F4DE1B9EFBFD8 /* Base.cpp in Sources */,
				4D4408AA016F4147B629A7AA /* Button.cpp in Sources */,
				3DE5A69E6D584027AF873BCE /* Canvas.cpp in Sources */,
				4973DE65127E4556AA1A273C /* CheckBox.cpp in Sources */,
				A27904A9E0134F9F983E848A /* CollapsibleCategory.cpp in Sources */,
				2B9BB3A3701A4EB3B7C59B76 /* ColorControls.cpp in Sources */,
				D030013225364C82B25758E4 /* ColorPicker.cpp in Sources */,
				9EBA894817AA48F7B6ADE7E0 /* ComboBox.cpp in Sources */,
				97AFE1F79ED248ECBCA3CE68 /* CrossSplitter.cpp in Sources */,
				E608B4EE428240BCAC2063AF /* DockBase.cpp in Sources */,
				F7D7CBC5999E4695A8585ACE /* DockedTabControl.cpp in Sources */,
				85E0B62624484998BBE412F1 /* Dragger.cpp in Sources */,
				EE04EE84754A472A862B715A /* GroupBox.cpp in Sources */,
				70F51D6C4D674A6584EED469 /* HorizontalScrollBar.cpp in Sources */,
				1867C3D45183453BBC2CD08F /* HorizontalSlider.cpp in Sources */,
				EC0755AF76EC48EB80BD6637 /* HSVColorPicker.cpp in Sources */,
				3922443AAAAA4227A5F8F05E /* ImagePanel.cpp in Sources */,
				91DE4A0616B342B8A00D8E3F /* Label.cpp in Sources */,
				9B06CADAC5B342DBA701B28C /* LabelClickable.cpp in Sources */,
				F80A8BFFE470496C86BCBA5C /* ListBox.cpp in Sources */,
				E044BE5B92DE4F0AA5470754 /* Menu.cpp in Sources */,
				20C289E2893F4B5D999FC760 /* MenuItem.cpp in Sources */,
				73749FCEB6A64B82953F3886 /* MenuStrip.cpp in Sources */,
				9E21CF5E472B48CDBE298DA5 /* NumericUpDown.cpp in Sources */,
				2CF29B93A04341BB8C7631CB /* PageControl.cpp in Sources */,
				A3E7AB952B02457EA2A3EAC5 /* ProgressBar.cpp in Sources */,
				7558AABB94EC42EB8F47F079 /* Properties.cpp in Sources */,
				A2FD5A1CB7D8463F9510DCDC /* PropertyTree.cpp in Sources */,
				74284BDF8E174DAB8CAE9C73 /* RadioButton.cpp in Sources */,
				DAF1AEA150584BE793F87297 /* RadioButtonController.cpp in Sources */,
				EF56B6E114CC416A8C861AC6 /* Rectangle.cpp in Sources */,
				7879E6208ED94C6390F02764 /* ResizableControl.cpp in Sources */,
				42174BA2EDB848BDBFEA174E /* Resizer.cpp in Sources */,
				3D27DC9EF38F48E6A712C126 /* RichLabel.cpp in Sources */,
				97434433727F4B1E912C7D86 /* ScrollBar.cpp in Sources */,
				DF58316A1385446589D54C06 /* ScrollBarBar.cpp in Sources */,
				1876152E04934E1D9DC57FF4 /* ScrollBarButton.cpp in Sources */,
				1193B78C23F14B97B80B385F /* ScrollControl.cpp in Sources */,
				A87499A087C845A9A6566B47 /* Slider.cpp in Sources */,
				65F62CBDD1C24496902CE93F /* SplitterBar.cpp in Sources */,
				B62F452F85874B1B94A8A6FD /* TabButton.cpp in Sources */,
				7CE050B9B3EE4F4C9085435F /* TabControl.cpp in Sources */,
				F4087BC5BA5E4A8487FAFAF0 /* TabStrip.cpp in Sources */,
				1FA8BC3022A7435497A58291 /* Text.cpp in Sources */,
				7F9269FE64674838A09BBA3C /* TextBox.cpp in Sources */,
				A965C2AF8D7B41C98A6292C4 /* TextBoxNumeric.cpp in Sources */,
				4F701A7D720F48F5A283681A /* TreeControl.cpp in Sources */,
				0FB01838C1A5434E94B5155A /* TreeNode.cpp in Sources */,
				F0D50871C2424948A3831CC0 /* VerticalScrollBar.cpp in Sources */,
				AD55A80592F843D6AB92F5A4 /* VerticalSlider.cpp in Sources */,
				D13D26A38927400CAA44D685 /* WindowCanvas.cpp in Sources */,
				BFB155AD454D4CEBBFBC56AA /* WindowControl.cpp in Sources */,
				5126F4CED2CC43299503757D /* FileOpen.cpp in Sources */,
				9473B1E6D5944E01A3860F8C /* FileSave.cpp in Sources */,
				4495F3764FA64D039361F1C6 /* FolderOpen.cpp in Sources */,
				66E0AD79D02E40A8BB83C5E1 /* Query.cpp in Sources */,
			);
			runOnlyForDeploymentPostprocessing = 0;
		};
/* End PBXSourcesBuildPhase section */

/* Begin XCBuildConfiguration section */
		C01FCF4B08A954540054247B /* Debug */ = {
			isa = XCBuildConfiguration;
			buildSettings = {
				COMBINE_HIDPI_IMAGES = YES;
				COPY_PHASE_STRIP = NO;
				DEAD_CODE_STRIPPING = YES;
				GCC_DYNAMIC_NO_PIC = NO;
				GCC_INLINES_ARE_PRIVATE_EXTERN = YES;
				GCC_OPTIMIZATION_LEVEL = 0;
				GCC_PRECOMPILE_PREFIX_HEADER = YES;
				GCC_PREFIX_HEADER = NextQuoteProcessor_Prefix.pch;
				GCC_PREPROCESSOR_DEFINITIONS = (
					"DEBUG=1",
					"$(inherited)",
				);
				GCC_SYMBOLS_PRIVATE_EXTERN = NO;
				INFOPLIST_FILE = Info.plist;
				INSTALL_PATH = "$(HOME)/Applications";
				OTHER_LDFLAGS = "\"$(CINDER_PATH)/lib/libcinder_d.a\"";
				PRODUCT_NAME = NextQuoteProcessor;
				SYMROOT = ./build;
				WRAPPER_EXTENSION = app;
			};
			name = Debug;
		};
		C01FCF4C08A954540054247B /* Release */ = {
			isa = XCBuildConfiguration;
			buildSettings = {
				COMBINE_HIDPI_IMAGES = YES;
				DEAD_CODE_STRIPPING = YES;
				DEBUG_INFORMATION_FORMAT = "dwarf-with-dsym";
				GCC_FAST_MATH = YES;
				GCC_GENERATE_DEBUGGING_SYMBOLS = NO;
				GCC_INLINES_ARE_PRIVATE_EXTERN = YES;
				GCC_OPTIMIZATION_LEVEL = 3;
				GCC_PRECOMPILE_PREFIX_HEADER = YES;
				GCC_PREFIX_HEADER = NextQuoteProcessor_Prefix.pch;
				GCC_SYMBOLS_PRIVATE_EXTERN = NO;
				INFOPLIST_FILE = Info.plist;
				INSTALL_PATH = "$(HOME)/Applications";
				OTHER_LDFLAGS = "\"$(CINDER_PATH)/lib/libcinder.a\"";
				PRODUCT_NAME = NextQuoteProcessor;
				STRIP_INSTALLED_PRODUCT = YES;
				SYMROOT = ./build;
				WRAPPER_EXTENSION = app;
			};
			name = Release;
		};
		C01FCF4F08A954540054247B /* Debug */ = {
			isa = XCBuildConfiguration;
			buildSettings = {
				ALWAYS_SEARCH_USER_PATHS = NO;
				ARCHS = i386;
				CINDER_PATH = ../../../../Cinder;
				CLANG_CXX_LANGUAGE_STANDARD = "c++0x";
				CLANG_CXX_LIBRARY = "libc++";
				GCC_WARN_ABOUT_RETURN_TYPE = YES;
				GCC_WARN_UNUSED_VARIABLE = YES;
				HEADER_SEARCH_PATHS = "\"$(CINDER_PATH)/boost\"";
				MACOSX_DEPLOYMENT_TARGET = 10.7;
				SDKROOT = macosx;
				USER_HEADER_SEARCH_PATHS = "\"$(CINDER_PATH)/include\" ../include \"../../../../Cinder/blocks/Cinder-Gwen/src\" \"../../../../Cinder/blocks/Cinder-Gwen/gwen/gwen/include\"";
			};
			name = Debug;
		};
		C01FCF5008A954540054247B /* Release */ = {
			isa = XCBuildConfiguration;
			buildSettings = {
				ALWAYS_SEARCH_USER_PATHS = NO;
				ARCHS = i386;
				CINDER_PATH = ../../../../Cinder;
				CLANG_CXX_LANGUAGE_STANDARD = "c++0x";
				CLANG_CXX_LIBRARY = "libc++";
				GCC_WARN_ABOUT_RETURN_TYPE = YES;
				GCC_WARN_UNUSED_VARIABLE = YES;
				HEADER_SEARCH_PATHS = "\"$(CINDER_PATH)/boost\"";
				MACOSX_DEPLOYMENT_TARGET = 10.7;
				SDKROOT = macosx;
				USER_HEADER_SEARCH_PATHS = "\"$(CINDER_PATH)/include\" ../include \"../../../../Cinder/blocks/Cinder-Gwen/src\" \"../../../../Cinder/blocks/Cinder-Gwen/gwen/gwen/include\"";
			};
			name = Release;
		};
/* End XCBuildConfiguration section */

/* Begin XCConfigurationList section */
		C01FCF4A08A954540054247B /* Build configuration list for PBXNativeTarget "NextQuoteProcessor" */ = {
			isa = XCConfigurationList;
			buildConfigurations = (
				C01FCF4B08A954540054247B /* Debug */,
				C01FCF4C08A954540054247B /* Release */,
			);
			defaultConfigurationIsVisible = 0;
			defaultConfigurationName = Release;
		};
		C01FCF4E08A954540054247B /* Build configuration list for PBXProject "NextQuoteProcessor" */ = {
			isa = XCConfigurationList;
			buildConfigurations = (
				C01FCF4F08A954540054247B /* Debug */,
				C01FCF5008A954540054247B /* Release */,
			);
			defaultConfigurationIsVisible = 0;
			defaultConfigurationName = Release;
		};
/* End XCConfigurationList section */
	};
	rootObject = 29B97313FDCFA39411CA2CEA /* Project object */;
}
